// !$*UTF8*$!
{
	archiveVersion = 1;
	classes = {
	};
	objectVersion = 48;
	objects = {

/* Begin PBXBuildFile section */
		2A25BF172E958D314D857EBA /* Pods_caliTests.framework in Frameworks */ = {isa = PBXBuildFile; fileRef = CB4341E05BD225E23B4D9458 /* Pods_caliTests.framework */; };
		32E1E032B94ADA01C15533C1 /* Pods_cali.framework in Frameworks */ = {isa = PBXBuildFile; fileRef = F6BF20E50EFADA6768328281 /* Pods_cali.framework */; };
		4190301FE9B753117B8D9C82 /* Pods_caliUITests.framework in Frameworks */ = {isa = PBXBuildFile; fileRef = E19F24A8A7800D4FF181EF36 /* Pods_caliUITests.framework */; };
		6F0E3BB821197845003E5E00 /* DraggableEventView.swift in Sources */ = {isa = PBXBuildFile; fileRef = 6F0E3BB721197845003E5E00 /* DraggableEventView.swift */; };
		6F0E3BBA2119787E003E5E00 /* EventHandleView.swift in Sources */ = {isa = PBXBuildFile; fileRef = 6F0E3BB92119787E003E5E00 /* EventHandleView.swift */; };
		6F34682B211D2A500005D5C7 /* WeatherService.swift in Sources */ = {isa = PBXBuildFile; fileRef = 6F34682A211D2A500005D5C7 /* WeatherService.swift */; };
		6F34682F211D421E0005D5C7 /* WeatherForecastResponse.swift in Sources */ = {isa = PBXBuildFile; fileRef = 6F34682E211D421E0005D5C7 /* WeatherForecastResponse.swift */; };
		6F346831211D42300005D5C7 /* WeatherDataMultiple.swift in Sources */ = {isa = PBXBuildFile; fileRef = 6F346830211D42300005D5C7 /* WeatherDataMultiple.swift */; };
		6F346833211D42470005D5C7 /* WeatherData.swift in Sources */ = {isa = PBXBuildFile; fileRef = 6F346832211D42470005D5C7 /* WeatherData.swift */; };
		6F346835211D42660005D5C7 /* Serialization.swift in Sources */ = {isa = PBXBuildFile; fileRef = 6F346834211D42660005D5C7 /* Serialization.swift */; };
		6F346837211D428A0005D5C7 /* Curl.swift in Sources */ = {isa = PBXBuildFile; fileRef = 6F346836211D428A0005D5C7 /* Curl.swift */; };
		6F346839211D56880005D5C7 /* LocationService.swift in Sources */ = {isa = PBXBuildFile; fileRef = 6F346838211D56880005D5C7 /* LocationService.swift */; };
		6F34683D211D6A370005D5C7 /* weather.xcassets in Resources */ = {isa = PBXBuildFile; fileRef = 6F34683C211D6A370005D5C7 /* weather.xcassets */; };
		6F34683F211D93B20005D5C7 /* WeatherIconView.swift in Sources */ = {isa = PBXBuildFile; fileRef = 6F34683E211D93B20005D5C7 /* WeatherIconView.swift */; };
		6F346841211E60C20005D5C7 /* EventMap.swift in Sources */ = {isa = PBXBuildFile; fileRef = 6F346840211E60C20005D5C7 /* EventMap.swift */; };
		6F346843211E640D0005D5C7 /* Container.swift in Sources */ = {isa = PBXBuildFile; fileRef = 6F346842211E640D0005D5C7 /* Container.swift */; };
		6F346845211E68020005D5C7 /* DeleteEventButton.swift in Sources */ = {isa = PBXBuildFile; fileRef = 6F346844211E68020005D5C7 /* DeleteEventButton.swift */; };
		6F346848211E72B10005D5C7 /* MainView.swift in Sources */ = {isa = PBXBuildFile; fileRef = 6F346847211E72B10005D5C7 /* MainView.swift */; };
		6F34684A211E72BD0005D5C7 /* CalendarView.swift in Sources */ = {isa = PBXBuildFile; fileRef = 6F346849211E72BD0005D5C7 /* CalendarView.swift */; };
		6F34684C211E72CF0005D5C7 /* EventListView.swift in Sources */ = {isa = PBXBuildFile; fileRef = 6F34684B211E72CF0005D5C7 /* EventListView.swift */; };
		6F34684E211E72D80005D5C7 /* CreateEventView.swift in Sources */ = {isa = PBXBuildFile; fileRef = 6F34684D211E72D80005D5C7 /* CreateEventView.swift */; };
		6F346850211E72F00005D5C7 /* EditEventView.swift in Sources */ = {isa = PBXBuildFile; fileRef = 6F34684F211E72EF0005D5C7 /* EditEventView.swift */; };
		6F346852211E72FC0005D5C7 /* DayView.swift in Sources */ = {isa = PBXBuildFile; fileRef = 6F346851211E72FC0005D5C7 /* DayView.swift */; };
		6F346854211E73080005D5C7 /* DateTimePicker.swift in Sources */ = {isa = PBXBuildFile; fileRef = 6F346853211E73080005D5C7 /* DateTimePicker.swift */; };
		6F346856211E73420005D5C7 /* NowProvider.swift in Sources */ = {isa = PBXBuildFile; fileRef = 6F346855211E73420005D5C7 /* NowProvider.swift */; };
		6F4EA6A42113E3860096B9E9 /* AppDelegate.swift in Sources */ = {isa = PBXBuildFile; fileRef = 6F4EA6A32113E3860096B9E9 /* AppDelegate.swift */; };
		6F4EA6A62113E3860096B9E9 /* MainViewController.swift in Sources */ = {isa = PBXBuildFile; fileRef = 6F4EA6A52113E3860096B9E9 /* MainViewController.swift */; };
		6F4EA6AB2113E3860096B9E9 /* Assets.xcassets in Resources */ = {isa = PBXBuildFile; fileRef = 6F4EA6AA2113E3860096B9E9 /* Assets.xcassets */; };
		6F4EA6AE2113E3860096B9E9 /* LaunchScreen.storyboard in Resources */ = {isa = PBXBuildFile; fileRef = 6F4EA6AC2113E3860096B9E9 /* LaunchScreen.storyboard */; };
		6F4EA6B92113E3860096B9E9 /* EventFormatterSpec.swift in Sources */ = {isa = PBXBuildFile; fileRef = 6F4EA6B82113E3860096B9E9 /* EventFormatterSpec.swift */; };
		6F4EA6C42113E3860096B9E9 /* caliUITests.swift in Sources */ = {isa = PBXBuildFile; fileRef = 6F4EA6C32113E3860096B9E9 /* caliUITests.swift */; };
		6F4EA6D22113E4530096B9E9 /* WeekdayBar.swift in Sources */ = {isa = PBXBuildFile; fileRef = 6F4EA6D12113E4530096B9E9 /* WeekdayBar.swift */; };
		6F668646211410710047D752 /* CalendarView.swift in Sources */ = {isa = PBXBuildFile; fileRef = 6F668645211410710047D752 /* CalendarView.swift */; };
		6F668648211410880047D752 /* EventListView.swift in Sources */ = {isa = PBXBuildFile; fileRef = 6F668647211410880047D752 /* EventListView.swift */; };
		6F66864C211427B20047D752 /* Settings.swift in Sources */ = {isa = PBXBuildFile; fileRef = 6F66864B211427B20047D752 /* Settings.swift */; };
		6F66864F21142EB30047D752 /* CalendarCollectionViewCell.swift in Sources */ = {isa = PBXBuildFile; fileRef = 6F66864D21142EB30047D752 /* CalendarCollectionViewCell.swift */; };
		6F66865021142EB30047D752 /* CalendarCollectionViewCell.xib in Resources */ = {isa = PBXBuildFile; fileRef = 6F66864E21142EB30047D752 /* CalendarCollectionViewCell.xib */; };
		6F66865221150E170047D752 /* EventService.swift in Sources */ = {isa = PBXBuildFile; fileRef = 6F66865121150E170047D752 /* EventService.swift */; };
		6F66866D2115147A0047D752 /* Faker.swift in Sources */ = {isa = PBXBuildFile; fileRef = 6F66866C2115147A0047D752 /* Faker.swift */; };
		6F66866F211514AF0047D752 /* Random.swift in Sources */ = {isa = PBXBuildFile; fileRef = 6F66866E211514AF0047D752 /* Random.swift */; };
		6F668671211529950047D752 /* Colors.swift in Sources */ = {isa = PBXBuildFile; fileRef = 6F668670211529950047D752 /* Colors.swift */; };
		6F66867321154E8F0047D752 /* Fonts.swift in Sources */ = {isa = PBXBuildFile; fileRef = 6F66867221154E8F0047D752 /* Fonts.swift */; };
		6F668677211566750047D752 /* CalendarDate.swift in Sources */ = {isa = PBXBuildFile; fileRef = 6F668676211566750047D752 /* CalendarDate.swift */; };
		6F6686792115667F0047D752 /* CalendarDates.swift in Sources */ = {isa = PBXBuildFile; fileRef = 6F6686782115667F0047D752 /* CalendarDates.swift */; };
		6F66867B211566A20047D752 /* DateFormatters.swift in Sources */ = {isa = PBXBuildFile; fileRef = 6F66867A211566A20047D752 /* DateFormatters.swift */; };
		6F66867D2115689A0047D752 /* EventListHeaderView.swift in Sources */ = {isa = PBXBuildFile; fileRef = 6F66867C2115689A0047D752 /* EventListHeaderView.swift */; };
		6F66867F2115695D0047D752 /* EventEmptyCell.swift in Sources */ = {isa = PBXBuildFile; fileRef = 6F66867E2115695D0047D752 /* EventEmptyCell.swift */; };
		6F668681211581960047D752 /* MonthOverlayView.swift in Sources */ = {isa = PBXBuildFile; fileRef = 6F668680211581960047D752 /* MonthOverlayView.swift */; };
		6F668683211584F10047D752 /* MonthOverlayCell.swift in Sources */ = {isa = PBXBuildFile; fileRef = 6F668682211584F10047D752 /* MonthOverlayCell.swift */; };
		6F6686862116837D0047D752 /* CreateEventViewController.swift in Sources */ = {isa = PBXBuildFile; fileRef = 6F6686852116837D0047D752 /* CreateEventViewController.swift */; };
		6F668688211689E80047D752 /* Images.swift in Sources */ = {isa = PBXBuildFile; fileRef = 6F668687211689E80047D752 /* Images.swift */; };
		6F66868B2116932F0047D752 /* EventToggleCell.swift in Sources */ = {isa = PBXBuildFile; fileRef = 6F66868A2116932F0047D752 /* EventToggleCell.swift */; };
		6F66868D211698060047D752 /* EventTitleCell.swift in Sources */ = {isa = PBXBuildFile; fileRef = 6F66868C211698050047D752 /* EventTitleCell.swift */; };
		6F66868F211699600047D752 /* EventPeopleCell.swift in Sources */ = {isa = PBXBuildFile; fileRef = 6F66868E211699600047D752 /* EventPeopleCell.swift */; };
		6F66869121169BA00047D752 /* EventDateTimeCell.swift in Sources */ = {isa = PBXBuildFile; fileRef = 6F66869021169BA00047D752 /* EventDateTimeCell.swift */; };
		6F66869321169CE10047D752 /* EventDetailCell.swift in Sources */ = {isa = PBXBuildFile; fileRef = 6F66869221169CE10047D752 /* EventDetailCell.swift */; };
		6F6686952116A1500047D752 /* NavigationBars.swift in Sources */ = {isa = PBXBuildFile; fileRef = 6F6686942116A1500047D752 /* NavigationBars.swift */; };
		6F6686972116A2610047D752 /* EventLocationCell.swift in Sources */ = {isa = PBXBuildFile; fileRef = 6F6686962116A2610047D752 /* EventLocationCell.swift */; };
		6F6686992116A2E20047D752 /* TableViews.swift in Sources */ = {isa = PBXBuildFile; fileRef = 6F6686982116A2E20047D752 /* TableViews.swift */; };
		6F6686A72116F27A0047D752 /* EventFormatter.swift in Sources */ = {isa = PBXBuildFile; fileRef = 6F6686A62116F27A0047D752 /* EventFormatter.swift */; };
		6F71BD61211AA6B30094FCD6 /* EventCell.swift in Sources */ = {isa = PBXBuildFile; fileRef = 6F71BD60211AA6B30094FCD6 /* EventCell.swift */; };
		6F71BD63211BA3E70094FCD6 /* LayoutSelectorView.swift in Sources */ = {isa = PBXBuildFile; fileRef = 6F71BD62211BA3E70094FCD6 /* LayoutSelectorView.swift */; };
		6F71BD68211C44770094FCD6 /* CalendarAnimatedView.swift in Sources */ = {isa = PBXBuildFile; fileRef = 6F71BD67211C44770094FCD6 /* CalendarAnimatedView.swift */; };
		6F995D8D211A982300629C0C /* Storage.swift in Sources */ = {isa = PBXBuildFile; fileRef = 6F995D8C211A982300629C0C /* Storage.swift */; };
		6FACC2C72117C2D8004570ED /* TimeIntervals.swift in Sources */ = {isa = PBXBuildFile; fileRef = 6FACC2C62117C2D8004570ED /* TimeIntervals.swift */; };
		6FACC2CA2117D620004570ED /* DatePicker.swift in Sources */ = {isa = PBXBuildFile; fileRef = 6FACC2C92117D620004570ED /* DatePicker.swift */; };
		6FACC2CC2117D870004570ED /* DateTimePicker.swift in Sources */ = {isa = PBXBuildFile; fileRef = 6FACC2CB2117D870004570ED /* DateTimePicker.swift */; };
		6FACC2CF2117F588004570ED /* DayView.swift in Sources */ = {isa = PBXBuildFile; fileRef = 6FACC2CE2117F588004570ED /* DayView.swift */; };
		6FACC2D1211800D5004570ED /* TimePicker.swift in Sources */ = {isa = PBXBuildFile; fileRef = 6FACC2D0211800D5004570ED /* TimePicker.swift */; };
		6FE2199021199C08005C4303 /* cali.xcdatamodeld in Sources */ = {isa = PBXBuildFile; fileRef = 6FE2198E21199C08005C4303 /* cali.xcdatamodeld */; };
		6FE2199521199D9A005C4303 /* _Event.swift in Sources */ = {isa = PBXBuildFile; fileRef = 6FE2199321199D9A005C4303 /* _Event.swift */; };
		6FE2199621199D9A005C4303 /* Event.swift in Sources */ = {isa = PBXBuildFile; fileRef = 6FE2199421199D9A005C4303 /* Event.swift */; };
/* End PBXBuildFile section */

/* Begin PBXContainerItemProxy section */
		6F4EA6B52113E3860096B9E9 /* PBXContainerItemProxy */ = {
			isa = PBXContainerItemProxy;
			containerPortal = 6F4EA6982113E3860096B9E9 /* Project object */;
			proxyType = 1;
			remoteGlobalIDString = 6F4EA69F2113E3860096B9E9;
			remoteInfo = cali;
		};
		6F4EA6C02113E3860096B9E9 /* PBXContainerItemProxy */ = {
			isa = PBXContainerItemProxy;
			containerPortal = 6F4EA6982113E3860096B9E9 /* Project object */;
			proxyType = 1;
			remoteGlobalIDString = 6F4EA69F2113E3860096B9E9;
			remoteInfo = cali;
		};
/* End PBXContainerItemProxy section */

/* Begin PBXFileReference section */
		15BBD00BB784777E310E2D8A /* Pods-caliUITests.debug.xcconfig */ = {isa = PBXFileReference; includeInIndex = 1; lastKnownFileType = text.xcconfig; name = "Pods-caliUITests.debug.xcconfig"; path = "Pods/Target Support Files/Pods-caliUITests/Pods-caliUITests.debug.xcconfig"; sourceTree = "<group>"; };
		5EDB028D93F5FE14D2C6A37E /* Pods-cali.release.xcconfig */ = {isa = PBXFileReference; includeInIndex = 1; lastKnownFileType = text.xcconfig; name = "Pods-cali.release.xcconfig"; path = "Pods/Target Support Files/Pods-cali/Pods-cali.release.xcconfig"; sourceTree = "<group>"; };
		6CA475C3BDF1549BD83E3AB8 /* Pods-caliUITests.release.xcconfig */ = {isa = PBXFileReference; includeInIndex = 1; lastKnownFileType = text.xcconfig; name = "Pods-caliUITests.release.xcconfig"; path = "Pods/Target Support Files/Pods-caliUITests/Pods-caliUITests.release.xcconfig"; sourceTree = "<group>"; };
		6F0E3BB721197845003E5E00 /* DraggableEventView.swift */ = {isa = PBXFileReference; lastKnownFileType = sourcecode.swift; path = DraggableEventView.swift; sourceTree = "<group>"; };
		6F0E3BB92119787E003E5E00 /* EventHandleView.swift */ = {isa = PBXFileReference; lastKnownFileType = sourcecode.swift; path = EventHandleView.swift; sourceTree = "<group>"; };
		6F34682A211D2A500005D5C7 /* WeatherService.swift */ = {isa = PBXFileReference; lastKnownFileType = sourcecode.swift; path = WeatherService.swift; sourceTree = "<group>"; };
		6F34682E211D421E0005D5C7 /* WeatherForecastResponse.swift */ = {isa = PBXFileReference; lastKnownFileType = sourcecode.swift; path = WeatherForecastResponse.swift; sourceTree = "<group>"; };
		6F346830211D42300005D5C7 /* WeatherDataMultiple.swift */ = {isa = PBXFileReference; lastKnownFileType = sourcecode.swift; path = WeatherDataMultiple.swift; sourceTree = "<group>"; };
		6F346832211D42470005D5C7 /* WeatherData.swift */ = {isa = PBXFileReference; lastKnownFileType = sourcecode.swift; path = WeatherData.swift; sourceTree = "<group>"; };
		6F346834211D42660005D5C7 /* Serialization.swift */ = {isa = PBXFileReference; lastKnownFileType = sourcecode.swift; path = Serialization.swift; sourceTree = "<group>"; };
		6F346836211D428A0005D5C7 /* Curl.swift */ = {isa = PBXFileReference; lastKnownFileType = sourcecode.swift; path = Curl.swift; sourceTree = "<group>"; };
		6F346838211D56880005D5C7 /* LocationService.swift */ = {isa = PBXFileReference; lastKnownFileType = sourcecode.swift; path = LocationService.swift; sourceTree = "<group>"; };
		6F34683C211D6A370005D5C7 /* weather.xcassets */ = {isa = PBXFileReference; lastKnownFileType = folder.assetcatalog; path = weather.xcassets; sourceTree = "<group>"; };
		6F34683E211D93B20005D5C7 /* WeatherIconView.swift */ = {isa = PBXFileReference; lastKnownFileType = sourcecode.swift; path = WeatherIconView.swift; sourceTree = "<group>"; };
		6F346840211E60C20005D5C7 /* EventMap.swift */ = {isa = PBXFileReference; lastKnownFileType = sourcecode.swift; path = EventMap.swift; sourceTree = "<group>"; };
		6F346842211E640D0005D5C7 /* Container.swift */ = {isa = PBXFileReference; lastKnownFileType = sourcecode.swift; path = Container.swift; sourceTree = "<group>"; };
		6F346844211E68020005D5C7 /* DeleteEventButton.swift */ = {isa = PBXFileReference; lastKnownFileType = sourcecode.swift; path = DeleteEventButton.swift; sourceTree = "<group>"; };
		6F346847211E72B10005D5C7 /* MainView.swift */ = {isa = PBXFileReference; lastKnownFileType = sourcecode.swift; path = MainView.swift; sourceTree = "<group>"; };
		6F346849211E72BD0005D5C7 /* CalendarView.swift */ = {isa = PBXFileReference; lastKnownFileType = sourcecode.swift; path = CalendarView.swift; sourceTree = "<group>"; };
		6F34684B211E72CF0005D5C7 /* EventListView.swift */ = {isa = PBXFileReference; lastKnownFileType = sourcecode.swift; path = EventListView.swift; sourceTree = "<group>"; };
		6F34684D211E72D80005D5C7 /* CreateEventView.swift */ = {isa = PBXFileReference; lastKnownFileType = sourcecode.swift; path = CreateEventView.swift; sourceTree = "<group>"; };
		6F34684F211E72EF0005D5C7 /* EditEventView.swift */ = {isa = PBXFileReference; lastKnownFileType = sourcecode.swift; path = EditEventView.swift; sourceTree = "<group>"; };
		6F346851211E72FC0005D5C7 /* DayView.swift */ = {isa = PBXFileReference; lastKnownFileType = sourcecode.swift; path = DayView.swift; sourceTree = "<group>"; };
		6F346853211E73080005D5C7 /* DateTimePicker.swift */ = {isa = PBXFileReference; lastKnownFileType = sourcecode.swift; path = DateTimePicker.swift; sourceTree = "<group>"; };
		6F346855211E73420005D5C7 /* NowProvider.swift */ = {isa = PBXFileReference; lastKnownFileType = sourcecode.swift; path = NowProvider.swift; sourceTree = "<group>"; };
		6F4EA6A02113E3860096B9E9 /* cali.app */ = {isa = PBXFileReference; explicitFileType = wrapper.application; includeInIndex = 0; path = cali.app; sourceTree = BUILT_PRODUCTS_DIR; };
		6F4EA6A32113E3860096B9E9 /* AppDelegate.swift */ = {isa = PBXFileReference; lastKnownFileType = sourcecode.swift; path = AppDelegate.swift; sourceTree = "<group>"; };
		6F4EA6A52113E3860096B9E9 /* MainViewController.swift */ = {isa = PBXFileReference; lastKnownFileType = sourcecode.swift; path = MainViewController.swift; sourceTree = "<group>"; };
		6F4EA6AA2113E3860096B9E9 /* Assets.xcassets */ = {isa = PBXFileReference; lastKnownFileType = folder.assetcatalog; path = Assets.xcassets; sourceTree = "<group>"; };
		6F4EA6AD2113E3860096B9E9 /* Base */ = {isa = PBXFileReference; lastKnownFileType = file.storyboard; name = Base; path = Base.lproj/LaunchScreen.storyboard; sourceTree = "<group>"; };
		6F4EA6AF2113E3860096B9E9 /* Info.plist */ = {isa = PBXFileReference; lastKnownFileType = text.plist.xml; path = Info.plist; sourceTree = "<group>"; };
		6F4EA6B42113E3860096B9E9 /* caliTests.xctest */ = {isa = PBXFileReference; explicitFileType = wrapper.cfbundle; includeInIndex = 0; path = caliTests.xctest; sourceTree = BUILT_PRODUCTS_DIR; };
		6F4EA6B82113E3860096B9E9 /* EventFormatterSpec.swift */ = {isa = PBXFileReference; lastKnownFileType = sourcecode.swift; path = EventFormatterSpec.swift; sourceTree = "<group>"; };
		6F4EA6BA2113E3860096B9E9 /* Info.plist */ = {isa = PBXFileReference; lastKnownFileType = text.plist.xml; path = Info.plist; sourceTree = "<group>"; };
		6F4EA6BF2113E3860096B9E9 /* caliUITests.xctest */ = {isa = PBXFileReference; explicitFileType = wrapper.cfbundle; includeInIndex = 0; path = caliUITests.xctest; sourceTree = BUILT_PRODUCTS_DIR; };
		6F4EA6C32113E3860096B9E9 /* caliUITests.swift */ = {isa = PBXFileReference; lastKnownFileType = sourcecode.swift; path = caliUITests.swift; sourceTree = "<group>"; };
		6F4EA6C52113E3860096B9E9 /* Info.plist */ = {isa = PBXFileReference; lastKnownFileType = text.plist.xml; path = Info.plist; sourceTree = "<group>"; };
		6F4EA6D12113E4530096B9E9 /* WeekdayBar.swift */ = {isa = PBXFileReference; lastKnownFileType = sourcecode.swift; path = WeekdayBar.swift; sourceTree = "<group>"; };
		6F668645211410710047D752 /* CalendarView.swift */ = {isa = PBXFileReference; lastKnownFileType = sourcecode.swift; path = CalendarView.swift; sourceTree = "<group>"; };
		6F668647211410880047D752 /* EventListView.swift */ = {isa = PBXFileReference; lastKnownFileType = sourcecode.swift; path = EventListView.swift; sourceTree = "<group>"; };
		6F66864B211427B20047D752 /* Settings.swift */ = {isa = PBXFileReference; lastKnownFileType = sourcecode.swift; path = Settings.swift; sourceTree = "<group>"; };
		6F66864D21142EB30047D752 /* CalendarCollectionViewCell.swift */ = {isa = PBXFileReference; lastKnownFileType = sourcecode.swift; path = CalendarCollectionViewCell.swift; sourceTree = "<group>"; };
		6F66864E21142EB30047D752 /* CalendarCollectionViewCell.xib */ = {isa = PBXFileReference; lastKnownFileType = file.xib; path = CalendarCollectionViewCell.xib; sourceTree = "<group>"; };
		6F66865121150E170047D752 /* EventService.swift */ = {isa = PBXFileReference; lastKnownFileType = sourcecode.swift; path = EventService.swift; sourceTree = "<group>"; };
		6F66866C2115147A0047D752 /* Faker.swift */ = {isa = PBXFileReference; lastKnownFileType = sourcecode.swift; path = Faker.swift; sourceTree = "<group>"; };
		6F66866E211514AF0047D752 /* Random.swift */ = {isa = PBXFileReference; lastKnownFileType = sourcecode.swift; path = Random.swift; sourceTree = "<group>"; };
		6F668670211529950047D752 /* Colors.swift */ = {isa = PBXFileReference; lastKnownFileType = sourcecode.swift; path = Colors.swift; sourceTree = "<group>"; };
		6F66867221154E8F0047D752 /* Fonts.swift */ = {isa = PBXFileReference; lastKnownFileType = sourcecode.swift; path = Fonts.swift; sourceTree = "<group>"; };
		6F668676211566750047D752 /* CalendarDate.swift */ = {isa = PBXFileReference; lastKnownFileType = sourcecode.swift; path = CalendarDate.swift; sourceTree = "<group>"; };
		6F6686782115667F0047D752 /* CalendarDates.swift */ = {isa = PBXFileReference; lastKnownFileType = sourcecode.swift; path = CalendarDates.swift; sourceTree = "<group>"; };
		6F66867A211566A20047D752 /* DateFormatters.swift */ = {isa = PBXFileReference; lastKnownFileType = sourcecode.swift; path = DateFormatters.swift; sourceTree = "<group>"; };
		6F66867C2115689A0047D752 /* EventListHeaderView.swift */ = {isa = PBXFileReference; lastKnownFileType = sourcecode.swift; path = EventListHeaderView.swift; sourceTree = "<group>"; };
		6F66867E2115695D0047D752 /* EventEmptyCell.swift */ = {isa = PBXFileReference; lastKnownFileType = sourcecode.swift; path = EventEmptyCell.swift; sourceTree = "<group>"; };
		6F668680211581960047D752 /* MonthOverlayView.swift */ = {isa = PBXFileReference; lastKnownFileType = sourcecode.swift; path = MonthOverlayView.swift; sourceTree = "<group>"; };
		6F668682211584F10047D752 /* MonthOverlayCell.swift */ = {isa = PBXFileReference; lastKnownFileType = sourcecode.swift; path = MonthOverlayCell.swift; sourceTree = "<group>"; };
		6F6686852116837D0047D752 /* CreateEventViewController.swift */ = {isa = PBXFileReference; lastKnownFileType = sourcecode.swift; path = CreateEventViewController.swift; sourceTree = "<group>"; };
		6F668687211689E80047D752 /* Images.swift */ = {isa = PBXFileReference; lastKnownFileType = sourcecode.swift; path = Images.swift; sourceTree = "<group>"; };
		6F66868A2116932F0047D752 /* EventToggleCell.swift */ = {isa = PBXFileReference; lastKnownFileType = sourcecode.swift; path = EventToggleCell.swift; sourceTree = "<group>"; };
		6F66868C211698050047D752 /* EventTitleCell.swift */ = {isa = PBXFileReference; lastKnownFileType = sourcecode.swift; path = EventTitleCell.swift; sourceTree = "<group>"; };
		6F66868E211699600047D752 /* EventPeopleCell.swift */ = {isa = PBXFileReference; lastKnownFileType = sourcecode.swift; path = EventPeopleCell.swift; sourceTree = "<group>"; };
		6F66869021169BA00047D752 /* EventDateTimeCell.swift */ = {isa = PBXFileReference; lastKnownFileType = sourcecode.swift; path = EventDateTimeCell.swift; sourceTree = "<group>"; };
		6F66869221169CE10047D752 /* EventDetailCell.swift */ = {isa = PBXFileReference; lastKnownFileType = sourcecode.swift; path = EventDetailCell.swift; sourceTree = "<group>"; };
		6F6686942116A1500047D752 /* NavigationBars.swift */ = {isa = PBXFileReference; lastKnownFileType = sourcecode.swift; path = NavigationBars.swift; sourceTree = "<group>"; };
		6F6686962116A2610047D752 /* EventLocationCell.swift */ = {isa = PBXFileReference; lastKnownFileType = sourcecode.swift; path = EventLocationCell.swift; sourceTree = "<group>"; };
		6F6686982116A2E20047D752 /* TableViews.swift */ = {isa = PBXFileReference; lastKnownFileType = sourcecode.swift; path = TableViews.swift; sourceTree = "<group>"; };
		6F6686A62116F27A0047D752 /* EventFormatter.swift */ = {isa = PBXFileReference; lastKnownFileType = sourcecode.swift; path = EventFormatter.swift; sourceTree = "<group>"; };
		6F71BD60211AA6B30094FCD6 /* EventCell.swift */ = {isa = PBXFileReference; lastKnownFileType = sourcecode.swift; path = EventCell.swift; sourceTree = "<group>"; };
		6F71BD62211BA3E70094FCD6 /* LayoutSelectorView.swift */ = {isa = PBXFileReference; lastKnownFileType = sourcecode.swift; path = LayoutSelectorView.swift; sourceTree = "<group>"; };
		6F71BD67211C44770094FCD6 /* CalendarAnimatedView.swift */ = {isa = PBXFileReference; lastKnownFileType = sourcecode.swift; path = CalendarAnimatedView.swift; sourceTree = "<group>"; };
		6F995D8C211A982300629C0C /* Storage.swift */ = {isa = PBXFileReference; lastKnownFileType = sourcecode.swift; path = Storage.swift; sourceTree = "<group>"; };
		6FACC2C62117C2D8004570ED /* TimeIntervals.swift */ = {isa = PBXFileReference; lastKnownFileType = sourcecode.swift; path = TimeIntervals.swift; sourceTree = "<group>"; };
		6FACC2C92117D620004570ED /* DatePicker.swift */ = {isa = PBXFileReference; lastKnownFileType = sourcecode.swift; path = DatePicker.swift; sourceTree = "<group>"; };
		6FACC2CB2117D870004570ED /* DateTimePicker.swift */ = {isa = PBXFileReference; lastKnownFileType = sourcecode.swift; path = DateTimePicker.swift; sourceTree = "<group>"; };
		6FACC2CE2117F588004570ED /* DayView.swift */ = {isa = PBXFileReference; lastKnownFileType = sourcecode.swift; path = DayView.swift; sourceTree = "<group>"; };
		6FACC2D0211800D5004570ED /* TimePicker.swift */ = {isa = PBXFileReference; lastKnownFileType = sourcecode.swift; path = TimePicker.swift; sourceTree = "<group>"; };
		6FE2198F21199C08005C4303 /* cali.xcdatamodel */ = {isa = PBXFileReference; lastKnownFileType = wrapper.xcdatamodel; path = cali.xcdatamodel; sourceTree = "<group>"; };
		6FE2199321199D9A005C4303 /* _Event.swift */ = {isa = PBXFileReference; fileEncoding = 4; lastKnownFileType = sourcecode.swift; path = _Event.swift; sourceTree = "<group>"; };
		6FE2199421199D9A005C4303 /* Event.swift */ = {isa = PBXFileReference; fileEncoding = 4; lastKnownFileType = sourcecode.swift; path = Event.swift; sourceTree = "<group>"; };
		7343CE43C6026B48A5D8D38D /* Pods-caliTests.debug.xcconfig */ = {isa = PBXFileReference; includeInIndex = 1; lastKnownFileType = text.xcconfig; name = "Pods-caliTests.debug.xcconfig"; path = "Pods/Target Support Files/Pods-caliTests/Pods-caliTests.debug.xcconfig"; sourceTree = "<group>"; };
		773472091C96004F9780354C /* Pods-caliTests.release.xcconfig */ = {isa = PBXFileReference; includeInIndex = 1; lastKnownFileType = text.xcconfig; name = "Pods-caliTests.release.xcconfig"; path = "Pods/Target Support Files/Pods-caliTests/Pods-caliTests.release.xcconfig"; sourceTree = "<group>"; };
		BF37F879BB82E63E4ABC0C0F /* Pods-cali.debug.xcconfig */ = {isa = PBXFileReference; includeInIndex = 1; lastKnownFileType = text.xcconfig; name = "Pods-cali.debug.xcconfig"; path = "Pods/Target Support Files/Pods-cali/Pods-cali.debug.xcconfig"; sourceTree = "<group>"; };
		CB4341E05BD225E23B4D9458 /* Pods_caliTests.framework */ = {isa = PBXFileReference; explicitFileType = wrapper.framework; includeInIndex = 0; path = Pods_caliTests.framework; sourceTree = BUILT_PRODUCTS_DIR; };
		E19F24A8A7800D4FF181EF36 /* Pods_caliUITests.framework */ = {isa = PBXFileReference; explicitFileType = wrapper.framework; includeInIndex = 0; path = Pods_caliUITests.framework; sourceTree = BUILT_PRODUCTS_DIR; };
		F6BF20E50EFADA6768328281 /* Pods_cali.framework */ = {isa = PBXFileReference; explicitFileType = wrapper.framework; includeInIndex = 0; path = Pods_cali.framework; sourceTree = BUILT_PRODUCTS_DIR; };
/* End PBXFileReference section */

/* Begin PBXFrameworksBuildPhase section */
		6F4EA69D2113E3860096B9E9 /* Frameworks */ = {
			isa = PBXFrameworksBuildPhase;
			buildActionMask = 2147483647;
			files = (
				32E1E032B94ADA01C15533C1 /* Pods_cali.framework in Frameworks */,
			);
			runOnlyForDeploymentPostprocessing = 0;
		};
		6F4EA6B12113E3860096B9E9 /* Frameworks */ = {
			isa = PBXFrameworksBuildPhase;
			buildActionMask = 2147483647;
			files = (
				2A25BF172E958D314D857EBA /* Pods_caliTests.framework in Frameworks */,
			);
			runOnlyForDeploymentPostprocessing = 0;
		};
		6F4EA6BC2113E3860096B9E9 /* Frameworks */ = {
			isa = PBXFrameworksBuildPhase;
			buildActionMask = 2147483647;
			files = (
				4190301FE9B753117B8D9C82 /* Pods_caliUITests.framework in Frameworks */,
			);
			runOnlyForDeploymentPostprocessing = 0;
		};
/* End PBXFrameworksBuildPhase section */

/* Begin PBXGroup section */
		6F0E3BB62119728A003E5E00 /* DayView */ = {
			isa = PBXGroup;
			children = (
				6FACC2CE2117F588004570ED /* DayView.swift */,
				6F0E3BB721197845003E5E00 /* DraggableEventView.swift */,
				6F0E3BB92119787E003E5E00 /* EventHandleView.swift */,
			);
			name = DayView;
			sourceTree = "<group>";
		};
		6F34682C211D41F80005D5C7 /* persistent */ = {
			isa = PBXGroup;
			children = (
				6FE2199221199D9A005C4303 /* generated */,
				6FE2199421199D9A005C4303 /* Event.swift */,
			);
			path = persistent;
			sourceTree = "<group>";
		};
		6F346846211E729D0005D5C7 /* Pages */ = {
			isa = PBXGroup;
			children = (
				6F346847211E72B10005D5C7 /* MainView.swift */,
				6F346849211E72BD0005D5C7 /* CalendarView.swift */,
				6F34684B211E72CF0005D5C7 /* EventListView.swift */,
				6F34684D211E72D80005D5C7 /* CreateEventView.swift */,
				6F34684F211E72EF0005D5C7 /* EditEventView.swift */,
				6F346851211E72FC0005D5C7 /* DayView.swift */,
				6F346853211E73080005D5C7 /* DateTimePicker.swift */,
			);
			path = Pages;
			sourceTree = "<group>";
		};
		6F4EA6972113E3860096B9E9 = {
			isa = PBXGroup;
			children = (
				6F4EA6A22113E3860096B9E9 /* cali */,
				6F4EA6B72113E3860096B9E9 /* caliTests */,
				6F4EA6C22113E3860096B9E9 /* caliUITests */,
				6F4EA6A12113E3860096B9E9 /* Products */,
				C6CF45004F50D5385600EAB3 /* Pods */,
				80FDDD98239E71BA279309F3 /* Frameworks */,
			);
			sourceTree = "<group>";
		};
		6F4EA6A12113E3860096B9E9 /* Products */ = {
			isa = PBXGroup;
			children = (
				6F4EA6A02113E3860096B9E9 /* cali.app */,
				6F4EA6B42113E3860096B9E9 /* caliTests.xctest */,
				6F4EA6BF2113E3860096B9E9 /* caliUITests.xctest */,
			);
			name = Products;
			sourceTree = "<group>";
		};
		6F4EA6A22113E3860096B9E9 /* cali */ = {
			isa = PBXGroup;
			children = (
				6FE2199121199D9A005C4303 /* models */,
				6F66866B2115146E0047D752 /* Utils */,
				6F668667211513D40047D752 /* Services */,
				6F668661211513870047D752 /* Screens */,
				6F6686602115136C0047D752 /* Core */,
				6F4EA6AA2113E3860096B9E9 /* Assets.xcassets */,
				6F4EA6AC2113E3860096B9E9 /* LaunchScreen.storyboard */,
				6F4EA6AF2113E3860096B9E9 /* Info.plist */,
				6FE2198E21199C08005C4303 /* cali.xcdatamodeld */,
				6F34683C211D6A370005D5C7 /* weather.xcassets */,
			);
			path = cali;
			sourceTree = "<group>";
		};
		6F4EA6B72113E3860096B9E9 /* caliTests */ = {
			isa = PBXGroup;
			children = (
				6F4EA6B82113E3860096B9E9 /* EventFormatterSpec.swift */,
				6F4EA6BA2113E3860096B9E9 /* Info.plist */,
			);
			path = caliTests;
			sourceTree = "<group>";
		};
		6F4EA6C22113E3860096B9E9 /* caliUITests */ = {
			isa = PBXGroup;
			children = (
				6F346846211E729D0005D5C7 /* Pages */,
				6F4EA6C32113E3860096B9E9 /* caliUITests.swift */,
				6F4EA6C52113E3860096B9E9 /* Info.plist */,
			);
			path = caliUITests;
			sourceTree = "<group>";
		};
		6F6686602115136C0047D752 /* Core */ = {
			isa = PBXGroup;
			children = (
				6F4EA6A32113E3860096B9E9 /* AppDelegate.swift */,
				6F66864B211427B20047D752 /* Settings.swift */,
				6F995D8C211A982300629C0C /* Storage.swift */,
				6F346834211D42660005D5C7 /* Serialization.swift */,
				6F346836211D428A0005D5C7 /* Curl.swift */,
				6F346842211E640D0005D5C7 /* Container.swift */,
				6F346855211E73420005D5C7 /* NowProvider.swift */,
			);
			name = Core;
			sourceTree = "<group>";
		};
		6F668661211513870047D752 /* Screens */ = {
			isa = PBXGroup;
			children = (
				6F0E3BB62119728A003E5E00 /* DayView */,
				6F6686842116835A0047D752 /* CreateEvent */,
				6F668664211513A70047D752 /* Main */,
				6F71BD67211C44770094FCD6 /* CalendarAnimatedView.swift */,
			);
			name = Screens;
			sourceTree = "<group>";
		};
		6F668664211513A70047D752 /* Main */ = {
			isa = PBXGroup;
			children = (
				6F6686752115665D0047D752 /* Models */,
				6F668666211513B30047D752 /* Views */,
				6F668665211513AD0047D752 /* Cells */,
				6F4EA6A52113E3860096B9E9 /* MainViewController.swift */,
			);
			name = Main;
			sourceTree = "<group>";
		};
		6F668665211513AD0047D752 /* Cells */ = {
			isa = PBXGroup;
			children = (
				6F66864D21142EB30047D752 /* CalendarCollectionViewCell.swift */,
				6F66864E21142EB30047D752 /* CalendarCollectionViewCell.xib */,
				6F66867E2115695D0047D752 /* EventEmptyCell.swift */,
				6F668682211584F10047D752 /* MonthOverlayCell.swift */,
				6F71BD60211AA6B30094FCD6 /* EventCell.swift */,
			);
			name = Cells;
			sourceTree = "<group>";
		};
		6F668666211513B30047D752 /* Views */ = {
			isa = PBXGroup;
			children = (
				6F668645211410710047D752 /* CalendarView.swift */,
				6F66867C2115689A0047D752 /* EventListHeaderView.swift */,
				6F668647211410880047D752 /* EventListView.swift */,
				6F4EA6D12113E4530096B9E9 /* WeekdayBar.swift */,
				6F668680211581960047D752 /* MonthOverlayView.swift */,
				6F71BD62211BA3E70094FCD6 /* LayoutSelectorView.swift */,
				6F34683E211D93B20005D5C7 /* WeatherIconView.swift */,
			);
			name = Views;
			sourceTree = "<group>";
		};
		6F668667211513D40047D752 /* Services */ = {
			isa = PBXGroup;
			children = (
				6F66865121150E170047D752 /* EventService.swift */,
				6F34682A211D2A500005D5C7 /* WeatherService.swift */,
				6F346838211D56880005D5C7 /* LocationService.swift */,
			);
			name = Services;
			sourceTree = "<group>";
		};
		6F66866B2115146E0047D752 /* Utils */ = {
			isa = PBXGroup;
			children = (
				6F66866C2115147A0047D752 /* Faker.swift */,
				6F66866E211514AF0047D752 /* Random.swift */,
				6F668670211529950047D752 /* Colors.swift */,
				6F66867221154E8F0047D752 /* Fonts.swift */,
				6F668687211689E80047D752 /* Images.swift */,
				6F6686942116A1500047D752 /* NavigationBars.swift */,
				6F6686982116A2E20047D752 /* TableViews.swift */,
				6F6686A62116F27A0047D752 /* EventFormatter.swift */,
				6F66867A211566A20047D752 /* DateFormatters.swift */,
				6FACC2C62117C2D8004570ED /* TimeIntervals.swift */,
			);
			name = Utils;
			sourceTree = "<group>";
		};
		6F6686752115665D0047D752 /* Models */ = {
			isa = PBXGroup;
			children = (
				6F668676211566750047D752 /* CalendarDate.swift */,
				6F6686782115667F0047D752 /* CalendarDates.swift */,
			);
			name = Models;
			sourceTree = "<group>";
		};
		6F6686842116835A0047D752 /* CreateEvent */ = {
			isa = PBXGroup;
			children = (
				6FACC2CD2117D8A8004570ED /* Views */,
				6F668689211693130047D752 /* Cells */,
				6F6686852116837D0047D752 /* CreateEventViewController.swift */,
			);
			name = CreateEvent;
			sourceTree = "<group>";
		};
		6F668689211693130047D752 /* Cells */ = {
			isa = PBXGroup;
			children = (
				6F66868A2116932F0047D752 /* EventToggleCell.swift */,
				6F66868C211698050047D752 /* EventTitleCell.swift */,
				6F66868E211699600047D752 /* EventPeopleCell.swift */,
				6F66869021169BA00047D752 /* EventDateTimeCell.swift */,
				6F66869221169CE10047D752 /* EventDetailCell.swift */,
				6F6686962116A2610047D752 /* EventLocationCell.swift */,
			);
			name = Cells;
			sourceTree = "<group>";
		};
		6FACC2CD2117D8A8004570ED /* Views */ = {
			isa = PBXGroup;
			children = (
				6FACC2C92117D620004570ED /* DatePicker.swift */,
				6FACC2CB2117D870004570ED /* DateTimePicker.swift */,
				6FACC2D0211800D5004570ED /* TimePicker.swift */,
				6F346844211E68020005D5C7 /* DeleteEventButton.swift */,
			);
			name = Views;
			sourceTree = "<group>";
		};
		6FE2199121199D9A005C4303 /* models */ = {
			isa = PBXGroup;
			children = (
				6F346840211E60C20005D5C7 /* EventMap.swift */,
				6F34682E211D421E0005D5C7 /* WeatherForecastResponse.swift */,
				6F346830211D42300005D5C7 /* WeatherDataMultiple.swift */,
				6F346832211D42470005D5C7 /* WeatherData.swift */,
				6F34682C211D41F80005D5C7 /* persistent */,
			);
			path = models;
			sourceTree = "<group>";
		};
		6FE2199221199D9A005C4303 /* generated */ = {
			isa = PBXGroup;
			children = (
				6FE2199321199D9A005C4303 /* _Event.swift */,
			);
			path = generated;
			sourceTree = "<group>";
		};
		80FDDD98239E71BA279309F3 /* Frameworks */ = {
			isa = PBXGroup;
			children = (
				F6BF20E50EFADA6768328281 /* Pods_cali.framework */,
				CB4341E05BD225E23B4D9458 /* Pods_caliTests.framework */,
				E19F24A8A7800D4FF181EF36 /* Pods_caliUITests.framework */,
			);
			name = Frameworks;
			sourceTree = "<group>";
		};
		C6CF45004F50D5385600EAB3 /* Pods */ = {
			isa = PBXGroup;
			children = (
				BF37F879BB82E63E4ABC0C0F /* Pods-cali.debug.xcconfig */,
				5EDB028D93F5FE14D2C6A37E /* Pods-cali.release.xcconfig */,
				7343CE43C6026B48A5D8D38D /* Pods-caliTests.debug.xcconfig */,
				773472091C96004F9780354C /* Pods-caliTests.release.xcconfig */,
				15BBD00BB784777E310E2D8A /* Pods-caliUITests.debug.xcconfig */,
				6CA475C3BDF1549BD83E3AB8 /* Pods-caliUITests.release.xcconfig */,
			);
			name = Pods;
			sourceTree = "<group>";
		};
/* End PBXGroup section */

/* Begin PBXNativeTarget section */
		6F4EA69F2113E3860096B9E9 /* cali */ = {
			isa = PBXNativeTarget;
			buildConfigurationList = 6F4EA6C82113E3860096B9E9 /* Build configuration list for PBXNativeTarget "cali" */;
			buildPhases = (
				44404C72BF3372FB033C1034 /* [CP] Check Pods Manifest.lock */,
				6F4EA69C2113E3860096B9E9 /* Sources */,
				6F4EA69D2113E3860096B9E9 /* Frameworks */,
				6F4EA69E2113E3860096B9E9 /* Resources */,
				9074714FD129D659AF8692DD /* [CP] Embed Pods Frameworks */,
			);
			buildRules = (
			);
			dependencies = (
			);
			name = cali;
			productName = cali;
			productReference = 6F4EA6A02113E3860096B9E9 /* cali.app */;
			productType = "com.apple.product-type.application";
		};
		6F4EA6B32113E3860096B9E9 /* caliTests */ = {
			isa = PBXNativeTarget;
			buildConfigurationList = 6F4EA6CB2113E3860096B9E9 /* Build configuration list for PBXNativeTarget "caliTests" */;
			buildPhases = (
				72DAF7E58D02A3154A7C25DA /* [CP] Check Pods Manifest.lock */,
				6F4EA6B02113E3860096B9E9 /* Sources */,
				6F4EA6B12113E3860096B9E9 /* Frameworks */,
				6F4EA6B22113E3860096B9E9 /* Resources */,
				4EED21252AFC3F1C7FA81A87 /* [CP] Embed Pods Frameworks */,
			);
			buildRules = (
			);
			dependencies = (
				6F4EA6B62113E3860096B9E9 /* PBXTargetDependency */,
			);
			name = caliTests;
			productName = caliTests;
			productReference = 6F4EA6B42113E3860096B9E9 /* caliTests.xctest */;
			productType = "com.apple.product-type.bundle.unit-test";
		};
		6F4EA6BE2113E3860096B9E9 /* caliUITests */ = {
			isa = PBXNativeTarget;
			buildConfigurationList = 6F4EA6CE2113E3860096B9E9 /* Build configuration list for PBXNativeTarget "caliUITests" */;
			buildPhases = (
				A65F80CDAECE8B8635B91331 /* [CP] Check Pods Manifest.lock */,
				6F4EA6BB2113E3860096B9E9 /* Sources */,
				6F4EA6BC2113E3860096B9E9 /* Frameworks */,
				6F4EA6BD2113E3860096B9E9 /* Resources */,
			);
			buildRules = (
			);
			dependencies = (
				6F4EA6C12113E3860096B9E9 /* PBXTargetDependency */,
			);
			name = caliUITests;
			productName = caliUITests;
			productReference = 6F4EA6BF2113E3860096B9E9 /* caliUITests.xctest */;
			productType = "com.apple.product-type.bundle.ui-testing";
		};
/* End PBXNativeTarget section */

/* Begin PBXProject section */
		6F4EA6982113E3860096B9E9 /* Project object */ = {
			isa = PBXProject;
			attributes = {
				LastSwiftUpdateCheck = 0920;
				LastUpgradeCheck = 0920;
				ORGANIZATIONNAME = will3;
				TargetAttributes = {
					6F4EA69F2113E3860096B9E9 = {
						CreatedOnToolsVersion = 9.2;
						ProvisioningStyle = Automatic;
					};
					6F4EA6B32113E3860096B9E9 = {
						CreatedOnToolsVersion = 9.2;
						ProvisioningStyle = Automatic;
						TestTargetID = 6F4EA69F2113E3860096B9E9;
					};
					6F4EA6BE2113E3860096B9E9 = {
						CreatedOnToolsVersion = 9.2;
						ProvisioningStyle = Automatic;
						TestTargetID = 6F4EA69F2113E3860096B9E9;
					};
				};
			};
			buildConfigurationList = 6F4EA69B2113E3860096B9E9 /* Build configuration list for PBXProject "cali" */;
			compatibilityVersion = "Xcode 8.0";
			developmentRegion = en;
			hasScannedForEncodings = 0;
			knownRegions = (
				en,
				Base,
			);
			mainGroup = 6F4EA6972113E3860096B9E9;
			productRefGroup = 6F4EA6A12113E3860096B9E9 /* Products */;
			projectDirPath = "";
			projectRoot = "";
			targets = (
				6F4EA69F2113E3860096B9E9 /* cali */,
				6F4EA6B32113E3860096B9E9 /* caliTests */,
				6F4EA6BE2113E3860096B9E9 /* caliUITests */,
			);
		};
/* End PBXProject section */

/* Begin PBXResourcesBuildPhase section */
		6F4EA69E2113E3860096B9E9 /* Resources */ = {
			isa = PBXResourcesBuildPhase;
			buildActionMask = 2147483647;
			files = (
				6F34683D211D6A370005D5C7 /* weather.xcassets in Resources */,
				6F66865021142EB30047D752 /* CalendarCollectionViewCell.xib in Resources */,
				6F4EA6AE2113E3860096B9E9 /* LaunchScreen.storyboard in Resources */,
				6F4EA6AB2113E3860096B9E9 /* Assets.xcassets in Resources */,
			);
			runOnlyForDeploymentPostprocessing = 0;
		};
		6F4EA6B22113E3860096B9E9 /* Resources */ = {
			isa = PBXResourcesBuildPhase;
			buildActionMask = 2147483647;
			files = (
			);
			runOnlyForDeploymentPostprocessing = 0;
		};
		6F4EA6BD2113E3860096B9E9 /* Resources */ = {
			isa = PBXResourcesBuildPhase;
			buildActionMask = 2147483647;
			files = (
			);
			runOnlyForDeploymentPostprocessing = 0;
		};
/* End PBXResourcesBuildPhase section */

/* Begin PBXShellScriptBuildPhase section */
		44404C72BF3372FB033C1034 /* [CP] Check Pods Manifest.lock */ = {
			isa = PBXShellScriptBuildPhase;
			buildActionMask = 2147483647;
			files = (
			);
			inputPaths = (
				"${PODS_PODFILE_DIR_PATH}/Podfile.lock",
				"${PODS_ROOT}/Manifest.lock",
			);
			name = "[CP] Check Pods Manifest.lock";
			outputPaths = (
				"$(DERIVED_FILE_DIR)/Pods-cali-checkManifestLockResult.txt",
			);
			runOnlyForDeploymentPostprocessing = 0;
			shellPath = /bin/sh;
			shellScript = "diff \"${PODS_PODFILE_DIR_PATH}/Podfile.lock\" \"${PODS_ROOT}/Manifest.lock\" > /dev/null\nif [ $? != 0 ] ; then\n    # print error to STDERR\n    echo \"error: The sandbox is not in sync with the Podfile.lock. Run 'pod install' or update your CocoaPods installation.\" >&2\n    exit 1\nfi\n# This output is used by Xcode 'outputs' to avoid re-running this script phase.\necho \"SUCCESS\" > \"${SCRIPT_OUTPUT_FILE_0}\"\n";
			showEnvVarsInLog = 0;
		};
		4EED21252AFC3F1C7FA81A87 /* [CP] Embed Pods Frameworks */ = {
			isa = PBXShellScriptBuildPhase;
			buildActionMask = 2147483647;
			files = (
			);
			inputPaths = (
				"${SRCROOT}/Pods/Target Support Files/Pods-caliTests/Pods-caliTests-frameworks.sh",
				"${BUILT_PRODUCTS_DIR}/Nimble/Nimble.framework",
				"${BUILT_PRODUCTS_DIR}/Quick/Quick.framework",
			);
			name = "[CP] Embed Pods Frameworks";
			outputPaths = (
				"${TARGET_BUILD_DIR}/${FRAMEWORKS_FOLDER_PATH}/Nimble.framework",
				"${TARGET_BUILD_DIR}/${FRAMEWORKS_FOLDER_PATH}/Quick.framework",
			);
			runOnlyForDeploymentPostprocessing = 0;
			shellPath = /bin/sh;
			shellScript = "\"${SRCROOT}/Pods/Target Support Files/Pods-caliTests/Pods-caliTests-frameworks.sh\"\n";
			showEnvVarsInLog = 0;
		};
		72DAF7E58D02A3154A7C25DA /* [CP] Check Pods Manifest.lock */ = {
			isa = PBXShellScriptBuildPhase;
			buildActionMask = 2147483647;
			files = (
			);
			inputPaths = (
				"${PODS_PODFILE_DIR_PATH}/Podfile.lock",
				"${PODS_ROOT}/Manifest.lock",
			);
			name = "[CP] Check Pods Manifest.lock";
			outputPaths = (
				"$(DERIVED_FILE_DIR)/Pods-caliTests-checkManifestLockResult.txt",
			);
			runOnlyForDeploymentPostprocessing = 0;
			shellPath = /bin/sh;
			shellScript = "diff \"${PODS_PODFILE_DIR_PATH}/Podfile.lock\" \"${PODS_ROOT}/Manifest.lock\" > /dev/null\nif [ $? != 0 ] ; then\n    # print error to STDERR\n    echo \"error: The sandbox is not in sync with the Podfile.lock. Run 'pod install' or update your CocoaPods installation.\" >&2\n    exit 1\nfi\n# This output is used by Xcode 'outputs' to avoid re-running this script phase.\necho \"SUCCESS\" > \"${SCRIPT_OUTPUT_FILE_0}\"\n";
			showEnvVarsInLog = 0;
		};
		9074714FD129D659AF8692DD /* [CP] Embed Pods Frameworks */ = {
			isa = PBXShellScriptBuildPhase;
			buildActionMask = 2147483647;
			files = (
			);
			inputPaths = (
				"${SRCROOT}/Pods/Target Support Files/Pods-cali/Pods-cali-frameworks.sh",
				"${BUILT_PRODUCTS_DIR}/Layouts/Layouts.framework",
			);
			name = "[CP] Embed Pods Frameworks";
			outputPaths = (
				"${TARGET_BUILD_DIR}/${FRAMEWORKS_FOLDER_PATH}/Layouts.framework",
			);
			runOnlyForDeploymentPostprocessing = 0;
			shellPath = /bin/sh;
			shellScript = "\"${SRCROOT}/Pods/Target Support Files/Pods-cali/Pods-cali-frameworks.sh\"\n";
			showEnvVarsInLog = 0;
		};
		A65F80CDAECE8B8635B91331 /* [CP] Check Pods Manifest.lock */ = {
			isa = PBXShellScriptBuildPhase;
			buildActionMask = 2147483647;
			files = (
			);
			inputPaths = (
				"${PODS_PODFILE_DIR_PATH}/Podfile.lock",
				"${PODS_ROOT}/Manifest.lock",
			);
			name = "[CP] Check Pods Manifest.lock";
			outputPaths = (
				"$(DERIVED_FILE_DIR)/Pods-caliUITests-checkManifestLockResult.txt",
			);
			runOnlyForDeploymentPostprocessing = 0;
			shellPath = /bin/sh;
			shellScript = "diff \"${PODS_PODFILE_DIR_PATH}/Podfile.lock\" \"${PODS_ROOT}/Manifest.lock\" > /dev/null\nif [ $? != 0 ] ; then\n    # print error to STDERR\n    echo \"error: The sandbox is not in sync with the Podfile.lock. Run 'pod install' or update your CocoaPods installation.\" >&2\n    exit 1\nfi\n# This output is used by Xcode 'outputs' to avoid re-running this script phase.\necho \"SUCCESS\" > \"${SCRIPT_OUTPUT_FILE_0}\"\n";
			showEnvVarsInLog = 0;
		};
/* End PBXShellScriptBuildPhase section */

/* Begin PBXSourcesBuildPhase section */
		6F4EA69C2113E3860096B9E9 /* Sources */ = {
			isa = PBXSourcesBuildPhase;
			buildActionMask = 2147483647;
			files = (
				6F66864F21142EB30047D752 /* CalendarCollectionViewCell.swift in Sources */,
				6F6686992116A2E20047D752 /* TableViews.swift in Sources */,
				6F346835211D42660005D5C7 /* Serialization.swift in Sources */,
				6F66867321154E8F0047D752 /* Fonts.swift in Sources */,
				6F34683F211D93B20005D5C7 /* WeatherIconView.swift in Sources */,
				6F668646211410710047D752 /* CalendarView.swift in Sources */,
				6F66866F211514AF0047D752 /* Random.swift in Sources */,
				6F6686972116A2610047D752 /* EventLocationCell.swift in Sources */,
				6FACC2CF2117F588004570ED /* DayView.swift in Sources */,
				6F0E3BB821197845003E5E00 /* DraggableEventView.swift in Sources */,
				6F668671211529950047D752 /* Colors.swift in Sources */,
				6F668677211566750047D752 /* CalendarDate.swift in Sources */,
				6F34682B211D2A500005D5C7 /* WeatherService.swift in Sources */,
				6F71BD61211AA6B30094FCD6 /* EventCell.swift in Sources */,
				6F66868F211699600047D752 /* EventPeopleCell.swift in Sources */,
				6F6686792115667F0047D752 /* CalendarDates.swift in Sources */,
				6F71BD63211BA3E70094FCD6 /* LayoutSelectorView.swift in Sources */,
				6FACC2CC2117D870004570ED /* DateTimePicker.swift in Sources */,
				6FE2199021199C08005C4303 /* cali.xcdatamodeld in Sources */,
				6F995D8D211A982300629C0C /* Storage.swift in Sources */,
				6F66868B2116932F0047D752 /* EventToggleCell.swift in Sources */,
				6F668648211410880047D752 /* EventListView.swift in Sources */,
				6F34682F211D421E0005D5C7 /* WeatherForecastResponse.swift in Sources */,
				6F4EA6A62113E3860096B9E9 /* MainViewController.swift in Sources */,
				6F346833211D42470005D5C7 /* WeatherData.swift in Sources */,
				6F668683211584F10047D752 /* MonthOverlayCell.swift in Sources */,
				6F66869121169BA00047D752 /* EventDateTimeCell.swift in Sources */,
				6F6686A72116F27A0047D752 /* EventFormatter.swift in Sources */,
				6FE2199621199D9A005C4303 /* Event.swift in Sources */,
				6F668681211581960047D752 /* MonthOverlayView.swift in Sources */,
				6F346837211D428A0005D5C7 /* Curl.swift in Sources */,
				6F668688211689E80047D752 /* Images.swift in Sources */,
				6F346841211E60C20005D5C7 /* EventMap.swift in Sources */,
				6FACC2C72117C2D8004570ED /* TimeIntervals.swift in Sources */,
				6FACC2D1211800D5004570ED /* TimePicker.swift in Sources */,
				6F66867D2115689A0047D752 /* EventListHeaderView.swift in Sources */,
				6F66867F2115695D0047D752 /* EventEmptyCell.swift in Sources */,
				6F66865221150E170047D752 /* EventService.swift in Sources */,
				6F66864C211427B20047D752 /* Settings.swift in Sources */,
				6F66869321169CE10047D752 /* EventDetailCell.swift in Sources */,
				6F4EA6D22113E4530096B9E9 /* WeekdayBar.swift in Sources */,
				6F4EA6A42113E3860096B9E9 /* AppDelegate.swift in Sources */,
				6F6686952116A1500047D752 /* NavigationBars.swift in Sources */,
				6F346856211E73420005D5C7 /* NowProvider.swift in Sources */,
				6F346843211E640D0005D5C7 /* Container.swift in Sources */,
				6F346845211E68020005D5C7 /* DeleteEventButton.swift in Sources */,
				6FACC2CA2117D620004570ED /* DatePicker.swift in Sources */,
				6F71BD68211C44770094FCD6 /* CalendarAnimatedView.swift in Sources */,
				6F346831211D42300005D5C7 /* WeatherDataMultiple.swift in Sources */,
				6F0E3BBA2119787E003E5E00 /* EventHandleView.swift in Sources */,
				6F66867B211566A20047D752 /* DateFormatters.swift in Sources */,
				6FE2199521199D9A005C4303 /* _Event.swift in Sources */,
				6F6686862116837D0047D752 /* CreateEventViewController.swift in Sources */,
				6F66868D211698060047D752 /* EventTitleCell.swift in Sources */,
				6F346839211D56880005D5C7 /* LocationService.swift in Sources */,
				6F66866D2115147A0047D752 /* Faker.swift in Sources */,
			);
			runOnlyForDeploymentPostprocessing = 0;
		};
		6F4EA6B02113E3860096B9E9 /* Sources */ = {
			isa = PBXSourcesBuildPhase;
			buildActionMask = 2147483647;
			files = (
				6F4EA6B92113E3860096B9E9 /* EventFormatterSpec.swift in Sources */,
			);
			runOnlyForDeploymentPostprocessing = 0;
		};
		6F4EA6BB2113E3860096B9E9 /* Sources */ = {
			isa = PBXSourcesBuildPhase;
			buildActionMask = 2147483647;
			files = (
				6F346852211E72FC0005D5C7 /* DayView.swift in Sources */,
				6F4EA6C42113E3860096B9E9 /* caliUITests.swift in Sources */,
				6F346854211E73080005D5C7 /* DateTimePicker.swift in Sources */,
				6F346848211E72B10005D5C7 /* MainView.swift in Sources */,
				6F34684E211E72D80005D5C7 /* CreateEventView.swift in Sources */,
				6F34684A211E72BD0005D5C7 /* CalendarView.swift in Sources */,
				6F34684C211E72CF0005D5C7 /* EventListView.swift in Sources */,
				6F346850211E72F00005D5C7 /* EditEventView.swift in Sources */,
			);
			runOnlyForDeploymentPostprocessing = 0;
		};
/* End PBXSourcesBuildPhase section */

/* Begin PBXTargetDependency section */
		6F4EA6B62113E3860096B9E9 /* PBXTargetDependency */ = {
			isa = PBXTargetDependency;
			target = 6F4EA69F2113E3860096B9E9 /* cali */;
			targetProxy = 6F4EA6B52113E3860096B9E9 /* PBXContainerItemProxy */;
		};
		6F4EA6C12113E3860096B9E9 /* PBXTargetDependency */ = {
			isa = PBXTargetDependency;
			target = 6F4EA69F2113E3860096B9E9 /* cali */;
			targetProxy = 6F4EA6C02113E3860096B9E9 /* PBXContainerItemProxy */;
		};
/* End PBXTargetDependency section */

/* Begin PBXVariantGroup section */
		6F4EA6AC2113E3860096B9E9 /* LaunchScreen.storyboard */ = {
			isa = PBXVariantGroup;
			children = (
				6F4EA6AD2113E3860096B9E9 /* Base */,
			);
			name = LaunchScreen.storyboard;
			sourceTree = "<group>";
		};
/* End PBXVariantGroup section */

/* Begin XCBuildConfiguration section */
		6F4EA6C62113E3860096B9E9 /* Debug */ = {
			isa = XCBuildConfiguration;
			buildSettings = {
				ALWAYS_SEARCH_USER_PATHS = NO;
				CLANG_ANALYZER_NONNULL = YES;
				CLANG_ANALYZER_NUMBER_OBJECT_CONVERSION = YES_AGGRESSIVE;
				CLANG_CXX_LANGUAGE_STANDARD = "gnu++14";
				CLANG_CXX_LIBRARY = "libc++";
				CLANG_ENABLE_MODULES = YES;
				CLANG_ENABLE_OBJC_ARC = YES;
				CLANG_WARN_BLOCK_CAPTURE_AUTORELEASING = YES;
				CLANG_WARN_BOOL_CONVERSION = YES;
				CLANG_WARN_COMMA = YES;
				CLANG_WARN_CONSTANT_CONVERSION = YES;
				CLANG_WARN_DIRECT_OBJC_ISA_USAGE = YES_ERROR;
				CLANG_WARN_DOCUMENTATION_COMMENTS = YES;
				CLANG_WARN_EMPTY_BODY = YES;
				CLANG_WARN_ENUM_CONVERSION = YES;
				CLANG_WARN_INFINITE_RECURSION = YES;
				CLANG_WARN_INT_CONVERSION = YES;
				CLANG_WARN_NON_LITERAL_NULL_CONVERSION = YES;
				CLANG_WARN_OBJC_LITERAL_CONVERSION = YES;
				CLANG_WARN_OBJC_ROOT_CLASS = YES_ERROR;
				CLANG_WARN_RANGE_LOOP_ANALYSIS = YES;
				CLANG_WARN_STRICT_PROTOTYPES = YES;
				CLANG_WARN_SUSPICIOUS_MOVE = YES;
				CLANG_WARN_UNGUARDED_AVAILABILITY = YES_AGGRESSIVE;
				CLANG_WARN_UNREACHABLE_CODE = YES;
				CLANG_WARN__DUPLICATE_METHOD_MATCH = YES;
				CODE_SIGN_IDENTITY = "iPhone Developer";
				COPY_PHASE_STRIP = NO;
				DEBUG_INFORMATION_FORMAT = dwarf;
				ENABLE_STRICT_OBJC_MSGSEND = YES;
				ENABLE_TESTABILITY = YES;
				GCC_C_LANGUAGE_STANDARD = gnu11;
				GCC_DYNAMIC_NO_PIC = NO;
				GCC_NO_COMMON_BLOCKS = YES;
				GCC_OPTIMIZATION_LEVEL = 0;
				GCC_PREPROCESSOR_DEFINITIONS = (
					"DEBUG=1",
					"$(inherited)",
				);
				GCC_WARN_64_TO_32_BIT_CONVERSION = YES;
				GCC_WARN_ABOUT_RETURN_TYPE = YES_ERROR;
				GCC_WARN_UNDECLARED_SELECTOR = YES;
				GCC_WARN_UNINITIALIZED_AUTOS = YES_AGGRESSIVE;
				GCC_WARN_UNUSED_FUNCTION = YES;
				GCC_WARN_UNUSED_VARIABLE = YES;
				IPHONEOS_DEPLOYMENT_TARGET = 10.0;
				MTL_ENABLE_DEBUG_INFO = YES;
				ONLY_ACTIVE_ARCH = YES;
				SDKROOT = iphoneos;
				SWIFT_ACTIVE_COMPILATION_CONDITIONS = DEBUG;
				SWIFT_OPTIMIZATION_LEVEL = "-Onone";
			};
			name = Debug;
		};
		6F4EA6C72113E3860096B9E9 /* Release */ = {
			isa = XCBuildConfiguration;
			buildSettings = {
				ALWAYS_SEARCH_USER_PATHS = NO;
				CLANG_ANALYZER_NONNULL = YES;
				CLANG_ANALYZER_NUMBER_OBJECT_CONVERSION = YES_AGGRESSIVE;
				CLANG_CXX_LANGUAGE_STANDARD = "gnu++14";
				CLANG_CXX_LIBRARY = "libc++";
				CLANG_ENABLE_MODULES = YES;
				CLANG_ENABLE_OBJC_ARC = YES;
				CLANG_WARN_BLOCK_CAPTURE_AUTORELEASING = YES;
				CLANG_WARN_BOOL_CONVERSION = YES;
				CLANG_WARN_COMMA = YES;
				CLANG_WARN_CONSTANT_CONVERSION = YES;
				CLANG_WARN_DIRECT_OBJC_ISA_USAGE = YES_ERROR;
				CLANG_WARN_DOCUMENTATION_COMMENTS = YES;
				CLANG_WARN_EMPTY_BODY = YES;
				CLANG_WARN_ENUM_CONVERSION = YES;
				CLANG_WARN_INFINITE_RECURSION = YES;
				CLANG_WARN_INT_CONVERSION = YES;
				CLANG_WARN_NON_LITERAL_NULL_CONVERSION = YES;
				CLANG_WARN_OBJC_LITERAL_CONVERSION = YES;
				CLANG_WARN_OBJC_ROOT_CLASS = YES_ERROR;
				CLANG_WARN_RANGE_LOOP_ANALYSIS = YES;
				CLANG_WARN_STRICT_PROTOTYPES = YES;
				CLANG_WARN_SUSPICIOUS_MOVE = YES;
				CLANG_WARN_UNGUARDED_AVAILABILITY = YES_AGGRESSIVE;
				CLANG_WARN_UNREACHABLE_CODE = YES;
				CLANG_WARN__DUPLICATE_METHOD_MATCH = YES;
				CODE_SIGN_IDENTITY = "iPhone Developer";
				COPY_PHASE_STRIP = NO;
				DEBUG_INFORMATION_FORMAT = "dwarf-with-dsym";
				ENABLE_NS_ASSERTIONS = NO;
				ENABLE_STRICT_OBJC_MSGSEND = YES;
				GCC_C_LANGUAGE_STANDARD = gnu11;
				GCC_NO_COMMON_BLOCKS = YES;
				GCC_WARN_64_TO_32_BIT_CONVERSION = YES;
				GCC_WARN_ABOUT_RETURN_TYPE = YES_ERROR;
				GCC_WARN_UNDECLARED_SELECTOR = YES;
				GCC_WARN_UNINITIALIZED_AUTOS = YES_AGGRESSIVE;
				GCC_WARN_UNUSED_FUNCTION = YES;
				GCC_WARN_UNUSED_VARIABLE = YES;
				IPHONEOS_DEPLOYMENT_TARGET = 10.0;
				MTL_ENABLE_DEBUG_INFO = NO;
				SDKROOT = iphoneos;
				SWIFT_OPTIMIZATION_LEVEL = "-Owholemodule";
				VALIDATE_PRODUCT = YES;
			};
			name = Release;
		};
		6F4EA6C92113E3860096B9E9 /* Debug */ = {
			isa = XCBuildConfiguration;
			baseConfigurationReference = BF37F879BB82E63E4ABC0C0F /* Pods-cali.debug.xcconfig */;
			buildSettings = {
				ASSETCATALOG_COMPILER_APPICON_NAME = AppIcon;
				CODE_SIGN_STYLE = Automatic;
				DEVELOPMENT_TEAM = 52NW8KPTD6;
				INFOPLIST_FILE = cali/Info.plist;
				IPHONEOS_DEPLOYMENT_TARGET = 10.0;
				LD_RUNPATH_SEARCH_PATHS = "$(inherited) @executable_path/Frameworks";
				PRODUCT_BUNDLE_IDENTIFIER = com.str.cali;
				PRODUCT_NAME = "$(TARGET_NAME)";
				SWIFT_VERSION = 4.0;
				TARGETED_DEVICE_FAMILY = "1,2";
			};
			name = Debug;
		};
		6F4EA6CA2113E3860096B9E9 /* Release */ = {
			isa = XCBuildConfiguration;
			baseConfigurationReference = 5EDB028D93F5FE14D2C6A37E /* Pods-cali.release.xcconfig */;
			buildSettings = {
				ASSETCATALOG_COMPILER_APPICON_NAME = AppIcon;
				CODE_SIGN_STYLE = Automatic;
				DEVELOPMENT_TEAM = 52NW8KPTD6;
				INFOPLIST_FILE = cali/Info.plist;
				IPHONEOS_DEPLOYMENT_TARGET = 10.0;
				LD_RUNPATH_SEARCH_PATHS = "$(inherited) @executable_path/Frameworks";
				PRODUCT_BUNDLE_IDENTIFIER = com.str.cali;
				PRODUCT_NAME = "$(TARGET_NAME)";
				SWIFT_VERSION = 4.0;
				TARGETED_DEVICE_FAMILY = "1,2";
			};
			name = Release;
		};
		6F4EA6CC2113E3860096B9E9 /* Debug */ = {
			isa = XCBuildConfiguration;
			baseConfigurationReference = 7343CE43C6026B48A5D8D38D /* Pods-caliTests.debug.xcconfig */;
			buildSettings = {
				ALWAYS_EMBED_SWIFT_STANDARD_LIBRARIES = YES;
				BUNDLE_LOADER = "$(TEST_HOST)";
				CODE_SIGN_STYLE = Automatic;
				DEVELOPMENT_TEAM = 52NW8KPTD6;
				INFOPLIST_FILE = caliTests/Info.plist;
				LD_RUNPATH_SEARCH_PATHS = "$(inherited) @executable_path/Frameworks @loader_path/Frameworks";
				PRODUCT_BUNDLE_IDENTIFIER = com.str.caliTests;
				PRODUCT_NAME = "$(TARGET_NAME)";
				SWIFT_VERSION = 4.0;
				TARGETED_DEVICE_FAMILY = "1,2";
				TEST_HOST = "$(BUILT_PRODUCTS_DIR)/cali.app/cali";
			};
			name = Debug;
		};
		6F4EA6CD2113E3860096B9E9 /* Release */ = {
			isa = XCBuildConfiguration;
			baseConfigurationReference = 773472091C96004F9780354C /* Pods-caliTests.release.xcconfig */;
			buildSettings = {
				ALWAYS_EMBED_SWIFT_STANDARD_LIBRARIES = YES;
				BUNDLE_LOADER = "$(TEST_HOST)";
				CODE_SIGN_STYLE = Automatic;
				DEVELOPMENT_TEAM = 52NW8KPTD6;
				INFOPLIST_FILE = caliTests/Info.plist;
				LD_RUNPATH_SEARCH_PATHS = "$(inherited) @executable_path/Frameworks @loader_path/Frameworks";
				PRODUCT_BUNDLE_IDENTIFIER = com.str.caliTests;
				PRODUCT_NAME = "$(TARGET_NAME)";
				SWIFT_VERSION = 4.0;
				TARGETED_DEVICE_FAMILY = "1,2";
				TEST_HOST = "$(BUILT_PRODUCTS_DIR)/cali.app/cali";
			};
			name = Release;
		};
		6F4EA6CF2113E3860096B9E9 /* Debug */ = {
			isa = XCBuildConfiguration;
			baseConfigurationReference = 15BBD00BB784777E310E2D8A /* Pods-caliUITests.debug.xcconfig */;
			buildSettings = {
				ALWAYS_EMBED_SWIFT_STANDARD_LIBRARIES = YES;
				CODE_SIGN_STYLE = Automatic;
				DEVELOPMENT_TEAM = 52NW8KPTD6;
				INFOPLIST_FILE = caliUITests/Info.plist;
				LD_RUNPATH_SEARCH_PATHS = "$(inherited) @executable_path/Frameworks @loader_path/Frameworks";
				PRODUCT_BUNDLE_IDENTIFIER = com.str.caliUITests;
				PRODUCT_NAME = "$(TARGET_NAME)";
				SWIFT_VERSION = 4.0;
				TARGETED_DEVICE_FAMILY = "1,2";
				TEST_TARGET_NAME = cali;
			};
			name = Debug;
		};
		6F4EA6D02113E3860096B9E9 /* Release */ = {
			isa = XCBuildConfiguration;
			baseConfigurationReference = 6CA475C3BDF1549BD83E3AB8 /* Pods-caliUITests.release.xcconfig */;
			buildSettings = {
				ALWAYS_EMBED_SWIFT_STANDARD_LIBRARIES = YES;
				CODE_SIGN_STYLE = Automatic;
				DEVELOPMENT_TEAM = 52NW8KPTD6;
				INFOPLIST_FILE = caliUITests/Info.plist;
				LD_RUNPATH_SEARCH_PATHS = "$(inherited) @executable_path/Frameworks @loader_path/Frameworks";
				PRODUCT_BUNDLE_IDENTIFIER = com.str.caliUITests;
				PRODUCT_NAME = "$(TARGET_NAME)";
				SWIFT_VERSION = 4.0;
				TARGETED_DEVICE_FAMILY = "1,2";
				TEST_TARGET_NAME = cali;
			};
			name = Release;
		};
/* End XCBuildConfiguration section */

/* Begin XCConfigurationList section */
		6F4EA69B2113E3860096B9E9 /* Build configuration list for PBXProject "cali" */ = {
			isa = XCConfigurationList;
			buildConfigurations = (
				6F4EA6C62113E3860096B9E9 /* Debug */,
				6F4EA6C72113E3860096B9E9 /* Release */,
			);
			defaultConfigurationIsVisible = 0;
			defaultConfigurationName = Release;
		};
		6F4EA6C82113E3860096B9E9 /* Build configuration list for PBXNativeTarget "cali" */ = {
			isa = XCConfigurationList;
			buildConfigurations = (
				6F4EA6C92113E3860096B9E9 /* Debug */,
				6F4EA6CA2113E3860096B9E9 /* Release */,
			);
			defaultConfigurationIsVisible = 0;
			defaultConfigurationName = Release;
		};
		6F4EA6CB2113E3860096B9E9 /* Build configuration list for PBXNativeTarget "caliTests" */ = {
			isa = XCConfigurationList;
			buildConfigurations = (
				6F4EA6CC2113E3860096B9E9 /* Debug */,
				6F4EA6CD2113E3860096B9E9 /* Release */,
			);
			defaultConfigurationIsVisible = 0;
			defaultConfigurationName = Release;
		};
		6F4EA6CE2113E3860096B9E9 /* Build configuration list for PBXNativeTarget "caliUITests" */ = {
			isa = XCConfigurationList;
			buildConfigurations = (
				6F4EA6CF2113E3860096B9E9 /* Debug */,
				6F4EA6D02113E3860096B9E9 /* Release */,
			);
			defaultConfigurationIsVisible = 0;
			defaultConfigurationName = Release;
		};
/* End XCConfigurationList section */

/* Begin XCVersionGroup section */
		6FE2198E21199C08005C4303 /* cali.xcdatamodeld */ = {
			isa = XCVersionGroup;
			children = (
				6FE2198F21199C08005C4303 /* cali.xcdatamodel */,
			);
			currentVersion = 6FE2198F21199C08005C4303 /* cali.xcdatamodel */;
			path = cali.xcdatamodeld;
			sourceTree = "<group>";
			versionGroupType = wrapper.xcdatamodel;
		};
/* End XCVersionGroup section */
	};
	rootObject = 6F4EA6982113E3860096B9E9 /* Project object */;
}
