// !$*UTF8*$!
{
	archiveVersion = 1;
	classes = {
	};
	objectVersion = 48;
	objects = {

/* Begin PBXBuildFile section */
		6F4EA6A42113E3860096B9E9 /* AppDelegate.swift in Sources */ = {isa = PBXBuildFile; fileRef = 6F4EA6A32113E3860096B9E9 /* AppDelegate.swift */; };
		6F4EA6A62113E3860096B9E9 /* MainViewController.swift in Sources */ = {isa = PBXBuildFile; fileRef = 6F4EA6A52113E3860096B9E9 /* MainViewController.swift */; };
		6F4EA6AB2113E3860096B9E9 /* Assets.xcassets in Resources */ = {isa = PBXBuildFile; fileRef = 6F4EA6AA2113E3860096B9E9 /* Assets.xcassets */; };
		6F4EA6AE2113E3860096B9E9 /* LaunchScreen.storyboard in Resources */ = {isa = PBXBuildFile; fileRef = 6F4EA6AC2113E3860096B9E9 /* LaunchScreen.storyboard */; };
		6F4EA6B92113E3860096B9E9 /* caliTests.swift in Sources */ = {isa = PBXBuildFile; fileRef = 6F4EA6B82113E3860096B9E9 /* caliTests.swift */; };
		6F4EA6C42113E3860096B9E9 /* caliUITests.swift in Sources */ = {isa = PBXBuildFile; fileRef = 6F4EA6C32113E3860096B9E9 /* caliUITests.swift */; };
		6F4EA6D22113E4530096B9E9 /* WeekdayBar.swift in Sources */ = {isa = PBXBuildFile; fileRef = 6F4EA6D12113E4530096B9E9 /* WeekdayBar.swift */; };
		6F668646211410710047D752 /* CalendarView.swift in Sources */ = {isa = PBXBuildFile; fileRef = 6F668645211410710047D752 /* CalendarView.swift */; };
		6F668648211410880047D752 /* EventListView.swift in Sources */ = {isa = PBXBuildFile; fileRef = 6F668647211410880047D752 /* EventListView.swift */; };
		6F66864A211410B00047D752 /* Layouts.swift in Sources */ = {isa = PBXBuildFile; fileRef = 6F668649211410B00047D752 /* Layouts.swift */; };
		6F66864C211427B20047D752 /* Settings.swift in Sources */ = {isa = PBXBuildFile; fileRef = 6F66864B211427B20047D752 /* Settings.swift */; };
		6F66864F21142EB30047D752 /* CalendarCollectionViewCell.swift in Sources */ = {isa = PBXBuildFile; fileRef = 6F66864D21142EB30047D752 /* CalendarCollectionViewCell.swift */; };
		6F66865021142EB30047D752 /* CalendarCollectionViewCell.xib in Resources */ = {isa = PBXBuildFile; fileRef = 6F66864E21142EB30047D752 /* CalendarCollectionViewCell.xib */; };
		6F66865221150E170047D752 /* EventService.swift in Sources */ = {isa = PBXBuildFile; fileRef = 6F66865121150E170047D752 /* EventService.swift */; };
		6F668656211510A20047D752 /* Event.swift in Sources */ = {isa = PBXBuildFile; fileRef = 6F668655211510A20047D752 /* Event.swift */; };
		6F668658211510AB0047D752 /* Person.swift in Sources */ = {isa = PBXBuildFile; fileRef = 6F668657211510AB0047D752 /* Person.swift */; };
		6F66866D2115147A0047D752 /* Faker.swift in Sources */ = {isa = PBXBuildFile; fileRef = 6F66866C2115147A0047D752 /* Faker.swift */; };
		6F66866F211514AF0047D752 /* Random.swift in Sources */ = {isa = PBXBuildFile; fileRef = 6F66866E211514AF0047D752 /* Random.swift */; };
		6F668671211529950047D752 /* Colors.swift in Sources */ = {isa = PBXBuildFile; fileRef = 6F668670211529950047D752 /* Colors.swift */; };
		6F66867321154E8F0047D752 /* Fonts.swift in Sources */ = {isa = PBXBuildFile; fileRef = 6F66867221154E8F0047D752 /* Fonts.swift */; };
		6F668677211566750047D752 /* CalendarDate.swift in Sources */ = {isa = PBXBuildFile; fileRef = 6F668676211566750047D752 /* CalendarDate.swift */; };
		6F6686792115667F0047D752 /* CalendarDates.swift in Sources */ = {isa = PBXBuildFile; fileRef = 6F6686782115667F0047D752 /* CalendarDates.swift */; };
		6F66867B211566A20047D752 /* CalendarFormatters.swift in Sources */ = {isa = PBXBuildFile; fileRef = 6F66867A211566A20047D752 /* CalendarFormatters.swift */; };
		6F66867D2115689A0047D752 /* EventListHeaderView.swift in Sources */ = {isa = PBXBuildFile; fileRef = 6F66867C2115689A0047D752 /* EventListHeaderView.swift */; };
		6F66867F2115695D0047D752 /* EventCell.swift in Sources */ = {isa = PBXBuildFile; fileRef = 6F66867E2115695D0047D752 /* EventCell.swift */; };
		6F668681211581960047D752 /* MonthOverlayView.swift in Sources */ = {isa = PBXBuildFile; fileRef = 6F668680211581960047D752 /* MonthOverlayView.swift */; };
		6F668683211584F10047D752 /* MonthOverlayCell.swift in Sources */ = {isa = PBXBuildFile; fileRef = 6F668682211584F10047D752 /* MonthOverlayCell.swift */; };
		6F668688211689E80047D752 /* Images.swift in Sources */ = {isa = PBXBuildFile; fileRef = 6F668687211689E80047D752 /* Images.swift */; };
		6F6686952116A1500047D752 /* NavigationBars.swift in Sources */ = {isa = PBXBuildFile; fileRef = 6F6686942116A1500047D752 /* NavigationBars.swift */; };
		6F6686992116A2E20047D752 /* TableViews.swift in Sources */ = {isa = PBXBuildFile; fileRef = 6F6686982116A2E20047D752 /* TableViews.swift */; };
		6F66869C2116A5220047D752 /* LayoutRegistry.swift in Sources */ = {isa = PBXBuildFile; fileRef = 6F66869B2116A5220047D752 /* LayoutRegistry.swift */; };
		6F66869E2116A5380047D752 /* LayoutRunner.swift in Sources */ = {isa = PBXBuildFile; fileRef = 6F66869D2116A5380047D752 /* LayoutRunner.swift */; };
		6F6686A02116A55C0047D752 /* LayoutBuilder.swift in Sources */ = {isa = PBXBuildFile; fileRef = 6F66869F2116A55C0047D752 /* LayoutBuilder.swift */; };
		6F6686A22116A5640047D752 /* Layout.swift in Sources */ = {isa = PBXBuildFile; fileRef = 6F6686A12116A5640047D752 /* Layout.swift */; };
		6F6686A52116AF900047D752 /* Collections.swift in Sources */ = {isa = PBXBuildFile; fileRef = 6F6686A42116AF900047D752 /* Collections.swift */; };
/* End PBXBuildFile section */

/* Begin PBXContainerItemProxy section */
		6F4EA6B52113E3860096B9E9 /* PBXContainerItemProxy */ = {
			isa = PBXContainerItemProxy;
			containerPortal = 6F4EA6982113E3860096B9E9 /* Project object */;
			proxyType = 1;
			remoteGlobalIDString = 6F4EA69F2113E3860096B9E9;
			remoteInfo = cali;
		};
		6F4EA6C02113E3860096B9E9 /* PBXContainerItemProxy */ = {
			isa = PBXContainerItemProxy;
			containerPortal = 6F4EA6982113E3860096B9E9 /* Project object */;
			proxyType = 1;
			remoteGlobalIDString = 6F4EA69F2113E3860096B9E9;
			remoteInfo = cali;
		};
/* End PBXContainerItemProxy section */

/* Begin PBXFileReference section */
		6F4EA6A02113E3860096B9E9 /* cali.app */ = {isa = PBXFileReference; explicitFileType = wrapper.application; includeInIndex = 0; path = cali.app; sourceTree = BUILT_PRODUCTS_DIR; };
		6F4EA6A32113E3860096B9E9 /* AppDelegate.swift */ = {isa = PBXFileReference; lastKnownFileType = sourcecode.swift; path = AppDelegate.swift; sourceTree = "<group>"; };
		6F4EA6A52113E3860096B9E9 /* MainViewController.swift */ = {isa = PBXFileReference; lastKnownFileType = sourcecode.swift; path = MainViewController.swift; sourceTree = "<group>"; };
		6F4EA6AA2113E3860096B9E9 /* Assets.xcassets */ = {isa = PBXFileReference; lastKnownFileType = folder.assetcatalog; path = Assets.xcassets; sourceTree = "<group>"; };
		6F4EA6AD2113E3860096B9E9 /* Base */ = {isa = PBXFileReference; lastKnownFileType = file.storyboard; name = Base; path = Base.lproj/LaunchScreen.storyboard; sourceTree = "<group>"; };
		6F4EA6AF2113E3860096B9E9 /* Info.plist */ = {isa = PBXFileReference; lastKnownFileType = text.plist.xml; path = Info.plist; sourceTree = "<group>"; };
		6F4EA6B42113E3860096B9E9 /* caliTests.xctest */ = {isa = PBXFileReference; explicitFileType = wrapper.cfbundle; includeInIndex = 0; path = caliTests.xctest; sourceTree = BUILT_PRODUCTS_DIR; };
		6F4EA6B82113E3860096B9E9 /* caliTests.swift */ = {isa = PBXFileReference; lastKnownFileType = sourcecode.swift; path = caliTests.swift; sourceTree = "<group>"; };
		6F4EA6BA2113E3860096B9E9 /* Info.plist */ = {isa = PBXFileReference; lastKnownFileType = text.plist.xml; path = Info.plist; sourceTree = "<group>"; };
		6F4EA6BF2113E3860096B9E9 /* caliUITests.xctest */ = {isa = PBXFileReference; explicitFileType = wrapper.cfbundle; includeInIndex = 0; path = caliUITests.xctest; sourceTree = BUILT_PRODUCTS_DIR; };
		6F4EA6C32113E3860096B9E9 /* caliUITests.swift */ = {isa = PBXFileReference; lastKnownFileType = sourcecode.swift; path = caliUITests.swift; sourceTree = "<group>"; };
		6F4EA6C52113E3860096B9E9 /* Info.plist */ = {isa = PBXFileReference; lastKnownFileType = text.plist.xml; path = Info.plist; sourceTree = "<group>"; };
		6F4EA6D12113E4530096B9E9 /* WeekdayBar.swift */ = {isa = PBXFileReference; lastKnownFileType = sourcecode.swift; path = WeekdayBar.swift; sourceTree = "<group>"; };
		6F668645211410710047D752 /* CalendarView.swift */ = {isa = PBXFileReference; lastKnownFileType = sourcecode.swift; path = CalendarView.swift; sourceTree = "<group>"; };
		6F668647211410880047D752 /* EventListView.swift */ = {isa = PBXFileReference; lastKnownFileType = sourcecode.swift; path = EventListView.swift; sourceTree = "<group>"; };
		6F668649211410B00047D752 /* Layouts.swift */ = {isa = PBXFileReference; lastKnownFileType = sourcecode.swift; path = Layouts.swift; sourceTree = "<group>"; };
		6F66864B211427B20047D752 /* Settings.swift */ = {isa = PBXFileReference; lastKnownFileType = sourcecode.swift; path = Settings.swift; sourceTree = "<group>"; };
		6F66864D21142EB30047D752 /* CalendarCollectionViewCell.swift */ = {isa = PBXFileReference; lastKnownFileType = sourcecode.swift; path = CalendarCollectionViewCell.swift; sourceTree = "<group>"; };
		6F66864E21142EB30047D752 /* CalendarCollectionViewCell.xib */ = {isa = PBXFileReference; lastKnownFileType = file.xib; path = CalendarCollectionViewCell.xib; sourceTree = "<group>"; };
		6F66865121150E170047D752 /* EventService.swift */ = {isa = PBXFileReference; lastKnownFileType = sourcecode.swift; path = EventService.swift; sourceTree = "<group>"; };
		6F668655211510A20047D752 /* Event.swift */ = {isa = PBXFileReference; lastKnownFileType = sourcecode.swift; path = Event.swift; sourceTree = "<group>"; };
		6F668657211510AB0047D752 /* Person.swift */ = {isa = PBXFileReference; lastKnownFileType = sourcecode.swift; path = Person.swift; sourceTree = "<group>"; };
		6F66866C2115147A0047D752 /* Faker.swift */ = {isa = PBXFileReference; lastKnownFileType = sourcecode.swift; path = Faker.swift; sourceTree = "<group>"; };
		6F66866E211514AF0047D752 /* Random.swift */ = {isa = PBXFileReference; lastKnownFileType = sourcecode.swift; path = Random.swift; sourceTree = "<group>"; };
		6F668670211529950047D752 /* Colors.swift */ = {isa = PBXFileReference; lastKnownFileType = sourcecode.swift; path = Colors.swift; sourceTree = "<group>"; };
		6F66867221154E8F0047D752 /* Fonts.swift */ = {isa = PBXFileReference; lastKnownFileType = sourcecode.swift; path = Fonts.swift; sourceTree = "<group>"; };
		6F668676211566750047D752 /* CalendarDate.swift */ = {isa = PBXFileReference; lastKnownFileType = sourcecode.swift; path = CalendarDate.swift; sourceTree = "<group>"; };
		6F6686782115667F0047D752 /* CalendarDates.swift */ = {isa = PBXFileReference; lastKnownFileType = sourcecode.swift; path = CalendarDates.swift; sourceTree = "<group>"; };
		6F66867A211566A20047D752 /* CalendarFormatters.swift */ = {isa = PBXFileReference; lastKnownFileType = sourcecode.swift; path = CalendarFormatters.swift; sourceTree = "<group>"; };
		6F66867C2115689A0047D752 /* EventListHeaderView.swift */ = {isa = PBXFileReference; lastKnownFileType = sourcecode.swift; path = EventListHeaderView.swift; sourceTree = "<group>"; };
		6F66867E2115695D0047D752 /* EventCell.swift */ = {isa = PBXFileReference; lastKnownFileType = sourcecode.swift; path = EventCell.swift; sourceTree = "<group>"; };
		6F668680211581960047D752 /* MonthOverlayView.swift */ = {isa = PBXFileReference; lastKnownFileType = sourcecode.swift; path = MonthOverlayView.swift; sourceTree = "<group>"; };
		6F668682211584F10047D752 /* MonthOverlayCell.swift */ = {isa = PBXFileReference; lastKnownFileType = sourcecode.swift; path = MonthOverlayCell.swift; sourceTree = "<group>"; };
		6F668687211689E80047D752 /* Images.swift */ = {isa = PBXFileReference; lastKnownFileType = sourcecode.swift; path = Images.swift; sourceTree = "<group>"; };
		6F6686942116A1500047D752 /* NavigationBars.swift */ = {isa = PBXFileReference; lastKnownFileType = sourcecode.swift; path = NavigationBars.swift; sourceTree = "<group>"; };
		6F6686982116A2E20047D752 /* TableViews.swift */ = {isa = PBXFileReference; lastKnownFileType = sourcecode.swift; path = TableViews.swift; sourceTree = "<group>"; };
		6F66869B2116A5220047D752 /* LayoutRegistry.swift */ = {isa = PBXFileReference; lastKnownFileType = sourcecode.swift; path = LayoutRegistry.swift; sourceTree = "<group>"; };
		6F66869D2116A5380047D752 /* LayoutRunner.swift */ = {isa = PBXFileReference; lastKnownFileType = sourcecode.swift; path = LayoutRunner.swift; sourceTree = "<group>"; };
		6F66869F2116A55C0047D752 /* LayoutBuilder.swift */ = {isa = PBXFileReference; lastKnownFileType = sourcecode.swift; path = LayoutBuilder.swift; sourceTree = "<group>"; };
		6F6686A12116A5640047D752 /* Layout.swift */ = {isa = PBXFileReference; lastKnownFileType = sourcecode.swift; path = Layout.swift; sourceTree = "<group>"; };
		6F6686A42116AF900047D752 /* Collections.swift */ = {isa = PBXFileReference; lastKnownFileType = sourcecode.swift; path = Collections.swift; sourceTree = "<group>"; };
/* End PBXFileReference section */

/* Begin PBXFrameworksBuildPhase section */
		6F4EA69D2113E3860096B9E9 /* Frameworks */ = {
			isa = PBXFrameworksBuildPhase;
			buildActionMask = 2147483647;
			files = (
			);
			runOnlyForDeploymentPostprocessing = 0;
		};
		6F4EA6B12113E3860096B9E9 /* Frameworks */ = {
			isa = PBXFrameworksBuildPhase;
			buildActionMask = 2147483647;
			files = (
			);
			runOnlyForDeploymentPostprocessing = 0;
		};
		6F4EA6BC2113E3860096B9E9 /* Frameworks */ = {
			isa = PBXFrameworksBuildPhase;
			buildActionMask = 2147483647;
			files = (
			);
			runOnlyForDeploymentPostprocessing = 0;
		};
/* End PBXFrameworksBuildPhase section */

/* Begin PBXGroup section */
		6F4EA6972113E3860096B9E9 = {
			isa = PBXGroup;
			children = (
				6F4EA6A22113E3860096B9E9 /* cali */,
				6F4EA6B72113E3860096B9E9 /* caliTests */,
				6F4EA6C22113E3860096B9E9 /* caliUITests */,
				6F4EA6A12113E3860096B9E9 /* Products */,
			);
			sourceTree = "<group>";
		};
		6F4EA6A12113E3860096B9E9 /* Products */ = {
			isa = PBXGroup;
			children = (
				6F4EA6A02113E3860096B9E9 /* cali.app */,
				6F4EA6B42113E3860096B9E9 /* caliTests.xctest */,
				6F4EA6BF2113E3860096B9E9 /* caliUITests.xctest */,
			);
			name = Products;
			sourceTree = "<group>";
		};
		6F4EA6A22113E3860096B9E9 /* cali */ = {
			isa = PBXGroup;
			children = (
				6F6686A32116AF670047D752 /* Persistence */,
				6F66869A2116A4C70047D752 /* Lay */,
				6F66866B2115146E0047D752 /* Utils */,
				6F66866A211513EE0047D752 /* Models */,
				6F668667211513D40047D752 /* Services */,
				6F668661211513870047D752 /* Screens */,
				6F6686602115136C0047D752 /* Core */,
				6F4EA6AA2113E3860096B9E9 /* Assets.xcassets */,
				6F4EA6AC2113E3860096B9E9 /* LaunchScreen.storyboard */,
				6F4EA6AF2113E3860096B9E9 /* Info.plist */,
			);
			path = cali;
			sourceTree = "<group>";
		};
		6F4EA6B72113E3860096B9E9 /* caliTests */ = {
			isa = PBXGroup;
			children = (
				6F4EA6B82113E3860096B9E9 /* caliTests.swift */,
				6F4EA6BA2113E3860096B9E9 /* Info.plist */,
			);
			path = caliTests;
			sourceTree = "<group>";
		};
		6F4EA6C22113E3860096B9E9 /* caliUITests */ = {
			isa = PBXGroup;
			children = (
				6F4EA6C32113E3860096B9E9 /* caliUITests.swift */,
				6F4EA6C52113E3860096B9E9 /* Info.plist */,
			);
			path = caliUITests;
			sourceTree = "<group>";
		};
		6F6686602115136C0047D752 /* Core */ = {
			isa = PBXGroup;
			children = (
				6F4EA6A32113E3860096B9E9 /* AppDelegate.swift */,
				6F66864B211427B20047D752 /* Settings.swift */,
			);
			name = Core;
			sourceTree = "<group>";
		};
		6F668661211513870047D752 /* Screens */ = {
			isa = PBXGroup;
			children = (
				6F668664211513A70047D752 /* Main */,
			);
			name = Screens;
			sourceTree = "<group>";
		};
		6F668664211513A70047D752 /* Main */ = {
			isa = PBXGroup;
			children = (
				6F6686752115665D0047D752 /* Models */,
				6F668666211513B30047D752 /* Views */,
				6F668665211513AD0047D752 /* Cells */,
				6F4EA6A52113E3860096B9E9 /* MainViewController.swift */,
				6F66867A211566A20047D752 /* CalendarFormatters.swift */,
			);
			name = Main;
			sourceTree = "<group>";
		};
		6F668665211513AD0047D752 /* Cells */ = {
			isa = PBXGroup;
			children = (
				6F66864D21142EB30047D752 /* CalendarCollectionViewCell.swift */,
				6F66864E21142EB30047D752 /* CalendarCollectionViewCell.xib */,
				6F66867E2115695D0047D752 /* EventCell.swift */,
				6F668682211584F10047D752 /* MonthOverlayCell.swift */,
			);
			name = Cells;
			sourceTree = "<group>";
		};
		6F668666211513B30047D752 /* Views */ = {
			isa = PBXGroup;
			children = (
				6F668645211410710047D752 /* CalendarView.swift */,
				6F66867C2115689A0047D752 /* EventListHeaderView.swift */,
				6F668647211410880047D752 /* EventListView.swift */,
				6F4EA6D12113E4530096B9E9 /* WeekdayBar.swift */,
				6F668680211581960047D752 /* MonthOverlayView.swift */,
			);
			name = Views;
			sourceTree = "<group>";
		};
		6F668667211513D40047D752 /* Services */ = {
			isa = PBXGroup;
			children = (
				6F66865121150E170047D752 /* EventService.swift */,
			);
			name = Services;
			sourceTree = "<group>";
		};
		6F66866A211513EE0047D752 /* Models */ = {
			isa = PBXGroup;
			children = (
				6F668655211510A20047D752 /* Event.swift */,
				6F668657211510AB0047D752 /* Person.swift */,
			);
			name = Models;
			sourceTree = "<group>";
		};
		6F66866B2115146E0047D752 /* Utils */ = {
			isa = PBXGroup;
			children = (
				6F66866C2115147A0047D752 /* Faker.swift */,
				6F66866E211514AF0047D752 /* Random.swift */,
				6F668670211529950047D752 /* Colors.swift */,
				6F66867221154E8F0047D752 /* Fonts.swift */,
				6F668687211689E80047D752 /* Images.swift */,
				6F6686942116A1500047D752 /* NavigationBars.swift */,
				6F6686982116A2E20047D752 /* TableViews.swift */,
			);
			name = Utils;
			sourceTree = "<group>";
		};
		6F6686752115665D0047D752 /* Models */ = {
			isa = PBXGroup;
			children = (
				6F668676211566750047D752 /* CalendarDate.swift */,
				6F6686782115667F0047D752 /* CalendarDates.swift */,
			);
			name = Models;
			sourceTree = "<group>";
		};
		6F66869A2116A4C70047D752 /* Lay */ = {
			isa = PBXGroup;
			children = (
				6F668649211410B00047D752 /* Layouts.swift */,
				6F66869B2116A5220047D752 /* LayoutRegistry.swift */,
				6F66869D2116A5380047D752 /* LayoutRunner.swift */,
				6F66869F2116A55C0047D752 /* LayoutBuilder.swift */,
				6F6686A12116A5640047D752 /* Layout.swift */,
			);
			name = Lay;
			sourceTree = "<group>";
		};
		6F6686A32116AF670047D752 /* Persistence */ = {
			isa = PBXGroup;
			children = (
				6F6686A42116AF900047D752 /* Collections.swift */,
			);
			name = Persistence;
			sourceTree = "<group>";
		};
/* End PBXGroup section */

/* Begin PBXNativeTarget section */
		6F4EA69F2113E3860096B9E9 /* cali */ = {
			isa = PBXNativeTarget;
			buildConfigurationList = 6F4EA6C82113E3860096B9E9 /* Build configuration list for PBXNativeTarget "cali" */;
			buildPhases = (
				6F4EA69C2113E3860096B9E9 /* Sources */,
				6F4EA69D2113E3860096B9E9 /* Frameworks */,
				6F4EA69E2113E3860096B9E9 /* Resources */,
			);
			buildRules = (
			);
			dependencies = (
			);
			name = cali;
			productName = cali;
			productReference = 6F4EA6A02113E3860096B9E9 /* cali.app */;
			productType = "com.apple.product-type.application";
		};
		6F4EA6B32113E3860096B9E9 /* caliTests */ = {
			isa = PBXNativeTarget;
			buildConfigurationList = 6F4EA6CB2113E3860096B9E9 /* Build configuration list for PBXNativeTarget "caliTests" */;
			buildPhases = (
				6F4EA6B02113E3860096B9E9 /* Sources */,
				6F4EA6B12113E3860096B9E9 /* Frameworks */,
				6F4EA6B22113E3860096B9E9 /* Resources */,
			);
			buildRules = (
			);
			dependencies = (
				6F4EA6B62113E3860096B9E9 /* PBXTargetDependency */,
			);
			name = caliTests;
			productName = caliTests;
			productReference = 6F4EA6B42113E3860096B9E9 /* caliTests.xctest */;
			productType = "com.apple.product-type.bundle.unit-test";
		};
		6F4EA6BE2113E3860096B9E9 /* caliUITests */ = {
			isa = PBXNativeTarget;
			buildConfigurationList = 6F4EA6CE2113E3860096B9E9 /* Build configuration list for PBXNativeTarget "caliUITests" */;
			buildPhases = (
				6F4EA6BB2113E3860096B9E9 /* Sources */,
				6F4EA6BC2113E3860096B9E9 /* Frameworks */,
				6F4EA6BD2113E3860096B9E9 /* Resources */,
			);
			buildRules = (
			);
			dependencies = (
				6F4EA6C12113E3860096B9E9 /* PBXTargetDependency */,
			);
			name = caliUITests;
			productName = caliUITests;
			productReference = 6F4EA6BF2113E3860096B9E9 /* caliUITests.xctest */;
			productType = "com.apple.product-type.bundle.ui-testing";
		};
/* End PBXNativeTarget section */

/* Begin PBXProject section */
		6F4EA6982113E3860096B9E9 /* Project object */ = {
			isa = PBXProject;
			attributes = {
				LastSwiftUpdateCheck = 0920;
				LastUpgradeCheck = 0920;
				ORGANIZATIONNAME = will3;
				TargetAttributes = {
					6F4EA69F2113E3860096B9E9 = {
						CreatedOnToolsVersion = 9.2;
						ProvisioningStyle = Automatic;
					};
					6F4EA6B32113E3860096B9E9 = {
						CreatedOnToolsVersion = 9.2;
						ProvisioningStyle = Automatic;
						TestTargetID = 6F4EA69F2113E3860096B9E9;
					};
					6F4EA6BE2113E3860096B9E9 = {
						CreatedOnToolsVersion = 9.2;
						ProvisioningStyle = Automatic;
						TestTargetID = 6F4EA69F2113E3860096B9E9;
					};
				};
			};
			buildConfigurationList = 6F4EA69B2113E3860096B9E9 /* Build configuration list for PBXProject "cali" */;
			compatibilityVersion = "Xcode 8.0";
			developmentRegion = en;
			hasScannedForEncodings = 0;
			knownRegions = (
				en,
				Base,
			);
			mainGroup = 6F4EA6972113E3860096B9E9;
			productRefGroup = 6F4EA6A12113E3860096B9E9 /* Products */;
			projectDirPath = "";
			projectRoot = "";
			targets = (
				6F4EA69F2113E3860096B9E9 /* cali */,
				6F4EA6B32113E3860096B9E9 /* caliTests */,
				6F4EA6BE2113E3860096B9E9 /* caliUITests */,
			);
		};
/* End PBXProject section */

/* Begin PBXResourcesBuildPhase section */
		6F4EA69E2113E3860096B9E9 /* Resources */ = {
			isa = PBXResourcesBuildPhase;
			buildActionMask = 2147483647;
			files = (
				6F66865021142EB30047D752 /* CalendarCollectionViewCell.xib in Resources */,
				6F4EA6AE2113E3860096B9E9 /* LaunchScreen.storyboard in Resources */,
				6F4EA6AB2113E3860096B9E9 /* Assets.xcassets in Resources */,
			);
			runOnlyForDeploymentPostprocessing = 0;
		};
		6F4EA6B22113E3860096B9E9 /* Resources */ = {
			isa = PBXResourcesBuildPhase;
			buildActionMask = 2147483647;
			files = (
			);
			runOnlyForDeploymentPostprocessing = 0;
		};
		6F4EA6BD2113E3860096B9E9 /* Resources */ = {
			isa = PBXResourcesBuildPhase;
			buildActionMask = 2147483647;
			files = (
			);
			runOnlyForDeploymentPostprocessing = 0;
		};
/* End PBXResourcesBuildPhase section */

/* Begin PBXSourcesBuildPhase section */
		6F4EA69C2113E3860096B9E9 /* Sources */ = {
			isa = PBXSourcesBuildPhase;
			buildActionMask = 2147483647;
			files = (
				6F66864F21142EB30047D752 /* CalendarCollectionViewCell.swift in Sources */,
				6F6686992116A2E20047D752 /* TableViews.swift in Sources */,
				6F66867321154E8F0047D752 /* Fonts.swift in Sources */,
				6F668646211410710047D752 /* CalendarView.swift in Sources */,
				6F66866F211514AF0047D752 /* Random.swift in Sources */,
				6F6686A22116A5640047D752 /* Layout.swift in Sources */,
				6F668671211529950047D752 /* Colors.swift in Sources */,
				6F668677211566750047D752 /* CalendarDate.swift in Sources */,
				6F6686792115667F0047D752 /* CalendarDates.swift in Sources */,
				6F668648211410880047D752 /* EventListView.swift in Sources */,
				6F4EA6A62113E3860096B9E9 /* MainViewController.swift in Sources */,
				6F668683211584F10047D752 /* MonthOverlayCell.swift in Sources */,
				6F668658211510AB0047D752 /* Person.swift in Sources */,
				6F668656211510A20047D752 /* Event.swift in Sources */,
				6F668681211581960047D752 /* MonthOverlayView.swift in Sources */,
				6F668688211689E80047D752 /* Images.swift in Sources */,
				6F66869E2116A5380047D752 /* LayoutRunner.swift in Sources */,
				6F66867D2115689A0047D752 /* EventListHeaderView.swift in Sources */,
				6F66869C2116A5220047D752 /* LayoutRegistry.swift in Sources */,
				6F66867F2115695D0047D752 /* EventCell.swift in Sources */,
				6F66865221150E170047D752 /* EventService.swift in Sources */,
				6F66864A211410B00047D752 /* Layouts.swift in Sources */,
				6F66864C211427B20047D752 /* Settings.swift in Sources */,
				6F4EA6D22113E4530096B9E9 /* WeekdayBar.swift in Sources */,
				6F4EA6A42113E3860096B9E9 /* AppDelegate.swift in Sources */,
				6F6686952116A1500047D752 /* NavigationBars.swift in Sources */,
				6F66867B211566A20047D752 /* CalendarFormatters.swift in Sources */,
				6F6686A02116A55C0047D752 /* LayoutBuilder.swift in Sources */,
				6F6686A52116AF900047D752 /* Collections.swift in Sources */,
				6F66866D2115147A0047D752 /* Faker.swift in Sources */,
			);
			runOnlyForDeploymentPostprocessing = 0;
		};
		6F4EA6B02113E3860096B9E9 /* Sources */ = {
			isa = PBXSourcesBuildPhase;
			buildActionMask = 2147483647;
			files = (
				6F4EA6B92113E3860096B9E9 /* caliTests.swift in Sources */,
			);
			runOnlyForDeploymentPostprocessing = 0;
		};
		6F4EA6BB2113E3860096B9E9 /* Sources */ = {
			isa = PBXSourcesBuildPhase;
			buildActionMask = 2147483647;
			files = (
				6F4EA6C42113E3860096B9E9 /* caliUITests.swift in Sources */,
			);
			runOnlyForDeploymentPostprocessing = 0;
		};
/* End PBXSourcesBuildPhase section */

/* Begin PBXTargetDependency section */
		6F4EA6B62113E3860096B9E9 /* PBXTargetDependency */ = {
			isa = PBXTargetDependency;
			target = 6F4EA69F2113E3860096B9E9 /* cali */;
			targetProxy = 6F4EA6B52113E3860096B9E9 /* PBXContainerItemProxy */;
		};
		6F4EA6C12113E3860096B9E9 /* PBXTargetDependency */ = {
			isa = PBXTargetDependency;
			target = 6F4EA69F2113E3860096B9E9 /* cali */;
			targetProxy = 6F4EA6C02113E3860096B9E9 /* PBXContainerItemProxy */;
		};
/* End PBXTargetDependency section */

/* Begin PBXVariantGroup section */
		6F4EA6AC2113E3860096B9E9 /* LaunchScreen.storyboard */ = {
			isa = PBXVariantGroup;
			children = (
				6F4EA6AD2113E3860096B9E9 /* Base */,
			);
			name = LaunchScreen.storyboard;
			sourceTree = "<group>";
		};
/* End PBXVariantGroup section */

/* Begin XCBuildConfiguration section */
		6F4EA6C62113E3860096B9E9 /* Debug */ = {
			isa = XCBuildConfiguration;
			buildSettings = {
				ALWAYS_SEARCH_USER_PATHS = NO;
				CLANG_ANALYZER_NONNULL = YES;
				CLANG_ANALYZER_NUMBER_OBJECT_CONVERSION = YES_AGGRESSIVE;
				CLANG_CXX_LANGUAGE_STANDARD = "gnu++14";
				CLANG_CXX_LIBRARY = "libc++";
				CLANG_ENABLE_MODULES = YES;
				CLANG_ENABLE_OBJC_ARC = YES;
				CLANG_WARN_BLOCK_CAPTURE_AUTORELEASING = YES;
				CLANG_WARN_BOOL_CONVERSION = YES;
				CLANG_WARN_COMMA = YES;
				CLANG_WARN_CONSTANT_CONVERSION = YES;
				CLANG_WARN_DIRECT_OBJC_ISA_USAGE = YES_ERROR;
				CLANG_WARN_DOCUMENTATION_COMMENTS = YES;
				CLANG_WARN_EMPTY_BODY = YES;
				CLANG_WARN_ENUM_CONVERSION = YES;
				CLANG_WARN_INFINITE_RECURSION = YES;
				CLANG_WARN_INT_CONVERSION = YES;
				CLANG_WARN_NON_LITERAL_NULL_CONVERSION = YES;
				CLANG_WARN_OBJC_LITERAL_CONVERSION = YES;
				CLANG_WARN_OBJC_ROOT_CLASS = YES_ERROR;
				CLANG_WARN_RANGE_LOOP_ANALYSIS = YES;
				CLANG_WARN_STRICT_PROTOTYPES = YES;
				CLANG_WARN_SUSPICIOUS_MOVE = YES;
				CLANG_WARN_UNGUARDED_AVAILABILITY = YES_AGGRESSIVE;
				CLANG_WARN_UNREACHABLE_CODE = YES;
				CLANG_WARN__DUPLICATE_METHOD_MATCH = YES;
				CODE_SIGN_IDENTITY = "iPhone Developer";
				COPY_PHASE_STRIP = NO;
				DEBUG_INFORMATION_FORMAT = dwarf;
				ENABLE_STRICT_OBJC_MSGSEND = YES;
				ENABLE_TESTABILITY = YES;
				GCC_C_LANGUAGE_STANDARD = gnu11;
				GCC_DYNAMIC_NO_PIC = NO;
				GCC_NO_COMMON_BLOCKS = YES;
				GCC_OPTIMIZATION_LEVEL = 0;
				GCC_PREPROCESSOR_DEFINITIONS = (
					"DEBUG=1",
					"$(inherited)",
				);
				GCC_WARN_64_TO_32_BIT_CONVERSION = YES;
				GCC_WARN_ABOUT_RETURN_TYPE = YES_ERROR;
				GCC_WARN_UNDECLARED_SELECTOR = YES;
				GCC_WARN_UNINITIALIZED_AUTOS = YES_AGGRESSIVE;
				GCC_WARN_UNUSED_FUNCTION = YES;
				GCC_WARN_UNUSED_VARIABLE = YES;
				IPHONEOS_DEPLOYMENT_TARGET = 10.0;
				MTL_ENABLE_DEBUG_INFO = YES;
				ONLY_ACTIVE_ARCH = YES;
				SDKROOT = iphoneos;
				SWIFT_ACTIVE_COMPILATION_CONDITIONS = DEBUG;
				SWIFT_OPTIMIZATION_LEVEL = "-Onone";
			};
			name = Debug;
		};
		6F4EA6C72113E3860096B9E9 /* Release */ = {
			isa = XCBuildConfiguration;
			buildSettings = {
				ALWAYS_SEARCH_USER_PATHS = NO;
				CLANG_ANALYZER_NONNULL = YES;
				CLANG_ANALYZER_NUMBER_OBJECT_CONVERSION = YES_AGGRESSIVE;
				CLANG_CXX_LANGUAGE_STANDARD = "gnu++14";
				CLANG_CXX_LIBRARY = "libc++";
				CLANG_ENABLE_MODULES = YES;
				CLANG_ENABLE_OBJC_ARC = YES;
				CLANG_WARN_BLOCK_CAPTURE_AUTORELEASING = YES;
				CLANG_WARN_BOOL_CONVERSION = YES;
				CLANG_WARN_COMMA = YES;
				CLANG_WARN_CONSTANT_CONVERSION = YES;
				CLANG_WARN_DIRECT_OBJC_ISA_USAGE = YES_ERROR;
				CLANG_WARN_DOCUMENTATION_COMMENTS = YES;
				CLANG_WARN_EMPTY_BODY = YES;
				CLANG_WARN_ENUM_CONVERSION = YES;
				CLANG_WARN_INFINITE_RECURSION = YES;
				CLANG_WARN_INT_CONVERSION = YES;
				CLANG_WARN_NON_LITERAL_NULL_CONVERSION = YES;
				CLANG_WARN_OBJC_LITERAL_CONVERSION = YES;
				CLANG_WARN_OBJC_ROOT_CLASS = YES_ERROR;
				CLANG_WARN_RANGE_LOOP_ANALYSIS = YES;
				CLANG_WARN_STRICT_PROTOTYPES = YES;
				CLANG_WARN_SUSPICIOUS_MOVE = YES;
				CLANG_WARN_UNGUARDED_AVAILABILITY = YES_AGGRESSIVE;
				CLANG_WARN_UNREACHABLE_CODE = YES;
				CLANG_WARN__DUPLICATE_METHOD_MATCH = YES;
				CODE_SIGN_IDENTITY = "iPhone Developer";
				COPY_PHASE_STRIP = NO;
				DEBUG_INFORMATION_FORMAT = "dwarf-with-dsym";
				ENABLE_NS_ASSERTIONS = NO;
				ENABLE_STRICT_OBJC_MSGSEND = YES;
				GCC_C_LANGUAGE_STANDARD = gnu11;
				GCC_NO_COMMON_BLOCKS = YES;
				GCC_WARN_64_TO_32_BIT_CONVERSION = YES;
				GCC_WARN_ABOUT_RETURN_TYPE = YES_ERROR;
				GCC_WARN_UNDECLARED_SELECTOR = YES;
				GCC_WARN_UNINITIALIZED_AUTOS = YES_AGGRESSIVE;
				GCC_WARN_UNUSED_FUNCTION = YES;
				GCC_WARN_UNUSED_VARIABLE = YES;
				IPHONEOS_DEPLOYMENT_TARGET = 10.0;
				MTL_ENABLE_DEBUG_INFO = NO;
				SDKROOT = iphoneos;
				SWIFT_OPTIMIZATION_LEVEL = "-Owholemodule";
				VALIDATE_PRODUCT = YES;
			};
			name = Release;
		};
		6F4EA6C92113E3860096B9E9 /* Debug */ = {
			isa = XCBuildConfiguration;
			buildSettings = {
				ASSETCATALOG_COMPILER_APPICON_NAME = AppIcon;
				CODE_SIGN_STYLE = Automatic;
				DEVELOPMENT_TEAM = 52NW8KPTD6;
				INFOPLIST_FILE = cali/Info.plist;
				IPHONEOS_DEPLOYMENT_TARGET = 11.0;
				LD_RUNPATH_SEARCH_PATHS = "$(inherited) @executable_path/Frameworks";
				PRODUCT_BUNDLE_IDENTIFIER = com.str.cali;
				PRODUCT_NAME = "$(TARGET_NAME)";
				SWIFT_VERSION = 4.0;
				TARGETED_DEVICE_FAMILY = "1,2";
			};
			name = Debug;
		};
		6F4EA6CA2113E3860096B9E9 /* Release */ = {
			isa = XCBuildConfiguration;
			buildSettings = {
				ASSETCATALOG_COMPILER_APPICON_NAME = AppIcon;
				CODE_SIGN_STYLE = Automatic;
				DEVELOPMENT_TEAM = 52NW8KPTD6;
				INFOPLIST_FILE = cali/Info.plist;
				IPHONEOS_DEPLOYMENT_TARGET = 11.0;
				LD_RUNPATH_SEARCH_PATHS = "$(inherited) @executable_path/Frameworks";
				PRODUCT_BUNDLE_IDENTIFIER = com.str.cali;
				PRODUCT_NAME = "$(TARGET_NAME)";
				SWIFT_VERSION = 4.0;
				TARGETED_DEVICE_FAMILY = "1,2";
			};
			name = Release;
		};
		6F4EA6CC2113E3860096B9E9 /* Debug */ = {
			isa = XCBuildConfiguration;
			buildSettings = {
				ALWAYS_EMBED_SWIFT_STANDARD_LIBRARIES = YES;
				BUNDLE_LOADER = "$(TEST_HOST)";
				CODE_SIGN_STYLE = Automatic;
				DEVELOPMENT_TEAM = 52NW8KPTD6;
				INFOPLIST_FILE = caliTests/Info.plist;
				LD_RUNPATH_SEARCH_PATHS = "$(inherited) @executable_path/Frameworks @loader_path/Frameworks";
				PRODUCT_BUNDLE_IDENTIFIER = com.str.caliTests;
				PRODUCT_NAME = "$(TARGET_NAME)";
				SWIFT_VERSION = 4.0;
				TARGETED_DEVICE_FAMILY = "1,2";
				TEST_HOST = "$(BUILT_PRODUCTS_DIR)/cali.app/cali";
			};
			name = Debug;
		};
		6F4EA6CD2113E3860096B9E9 /* Release */ = {
			isa = XCBuildConfiguration;
			buildSettings = {
				ALWAYS_EMBED_SWIFT_STANDARD_LIBRARIES = YES;
				BUNDLE_LOADER = "$(TEST_HOST)";
				CODE_SIGN_STYLE = Automatic;
				DEVELOPMENT_TEAM = 52NW8KPTD6;
				INFOPLIST_FILE = caliTests/Info.plist;
				LD_RUNPATH_SEARCH_PATHS = "$(inherited) @executable_path/Frameworks @loader_path/Frameworks";
				PRODUCT_BUNDLE_IDENTIFIER = com.str.caliTests;
				PRODUCT_NAME = "$(TARGET_NAME)";
				SWIFT_VERSION = 4.0;
				TARGETED_DEVICE_FAMILY = "1,2";
				TEST_HOST = "$(BUILT_PRODUCTS_DIR)/cali.app/cali";
			};
			name = Release;
		};
		6F4EA6CF2113E3860096B9E9 /* Debug */ = {
			isa = XCBuildConfiguration;
			buildSettings = {
				ALWAYS_EMBED_SWIFT_STANDARD_LIBRARIES = YES;
				CODE_SIGN_STYLE = Automatic;
				DEVELOPMENT_TEAM = 52NW8KPTD6;
				INFOPLIST_FILE = caliUITests/Info.plist;
				LD_RUNPATH_SEARCH_PATHS = "$(inherited) @executable_path/Frameworks @loader_path/Frameworks";
				PRODUCT_BUNDLE_IDENTIFIER = com.str.caliUITests;
				PRODUCT_NAME = "$(TARGET_NAME)";
				SWIFT_VERSION = 4.0;
				TARGETED_DEVICE_FAMILY = "1,2";
				TEST_TARGET_NAME = cali;
			};
			name = Debug;
		};
		6F4EA6D02113E3860096B9E9 /* Release */ = {
			isa = XCBuildConfiguration;
			buildSettings = {
				ALWAYS_EMBED_SWIFT_STANDARD_LIBRARIES = YES;
				CODE_SIGN_STYLE = Automatic;
				DEVELOPMENT_TEAM = 52NW8KPTD6;
				INFOPLIST_FILE = caliUITests/Info.plist;
				LD_RUNPATH_SEARCH_PATHS = "$(inherited) @executable_path/Frameworks @loader_path/Frameworks";
				PRODUCT_BUNDLE_IDENTIFIER = com.str.caliUITests;
				PRODUCT_NAME = "$(TARGET_NAME)";
				SWIFT_VERSION = 4.0;
				TARGETED_DEVICE_FAMILY = "1,2";
				TEST_TARGET_NAME = cali;
			};
			name = Release;
		};
/* End XCBuildConfiguration section */

/* Begin XCConfigurationList section */
		6F4EA69B2113E3860096B9E9 /* Build configuration list for PBXProject "cali" */ = {
			isa = XCConfigurationList;
			buildConfigurations = (
				6F4EA6C62113E3860096B9E9 /* Debug */,
				6F4EA6C72113E3860096B9E9 /* Release */,
			);
			defaultConfigurationIsVisible = 0;
			defaultConfigurationName = Release;
		};
		6F4EA6C82113E3860096B9E9 /* Build configuration list for PBXNativeTarget "cali" */ = {
			isa = XCConfigurationList;
			buildConfigurations = (
				6F4EA6C92113E3860096B9E9 /* Debug */,
				6F4EA6CA2113E3860096B9E9 /* Release */,
			);
			defaultConfigurationIsVisible = 0;
			defaultConfigurationName = Release;
		};
		6F4EA6CB2113E3860096B9E9 /* Build configuration list for PBXNativeTarget "caliTests" */ = {
			isa = XCConfigurationList;
			buildConfigurations = (
				6F4EA6CC2113E3860096B9E9 /* Debug */,
				6F4EA6CD2113E3860096B9E9 /* Release */,
			);
			defaultConfigurationIsVisible = 0;
			defaultConfigurationName = Release;
		};
		6F4EA6CE2113E3860096B9E9 /* Build configuration list for PBXNativeTarget "caliUITests" */ = {
			isa = XCConfigurationList;
			buildConfigurations = (
				6F4EA6CF2113E3860096B9E9 /* Debug */,
				6F4EA6D02113E3860096B9E9 /* Release */,
			);
			defaultConfigurationIsVisible = 0;
			defaultConfigurationName = Release;
		};
/* End XCConfigurationList section */
	};
	rootObject = 6F4EA6982113E3860096B9E9 /* Project object */;
}
